<?xml version="1.0" encoding="UTF-8"?>
<Scheme
   LastUpgradeVersion = "1020"
   version = "1.3">
   <BuildAction
      parallelizeBuildables = "YES"
      buildImplicitDependencies = "YES">
      <BuildActionEntries>
         <BuildActionEntry
            buildForTesting = "YES"
            buildForRunning = "YES"
            buildForProfiling = "YES"
            buildForArchiving = "YES"
            buildForAnalyzing = "YES">
            <BuildableReference
               BuildableIdentifier = "primary"
               BlueprintIdentifier = "EAA0E18D1E5D9A7400A7AA3A"
               BuildableName = "SwiftySnippets.framework"
               BlueprintName = "SwiftySnippets_macOS"
               ReferencedContainer = "container:SwiftySnippets.xcodeproj">
            </BuildableReference>
         </BuildActionEntry>
      </BuildActionEntries>
   </BuildAction>
   <TestAction
      buildConfiguration = "Debug"
      selectedDebuggerIdentifier = "Xcode.DebuggerFoundation.Debugger.LLDB"
      selectedLauncherIdentifier = "Xcode.DebuggerFoundation.Launcher.LLDB"
      codeCoverageEnabled = "YES"
      onlyGenerateCoverageForSpecifiedTargets = "YES"
      shouldUseLaunchSchemeArgsEnv = "YES">
      <CodeCoverageTargets>
         <BuildableReference
            BuildableIdentifier = "primary"
            BlueprintIdentifier = "EAA0E18D1E5D9A7400A7AA3A"
            BuildableName = "SwiftySnippets.framework"
            BlueprintName = "SwiftySnippets_macOS"
            ReferencedContainer = "container:SwiftySnippets.xcodeproj">
         </BuildableReference>
      </CodeCoverageTargets>
      <Testables>
         <TestableReference
            skipped = "NO">
            <BuildableReference
               BuildableIdentifier = "primary"
               BlueprintIdentifier = "EA3B4E2F2163A2D300BC730D"
               BuildableName = "UnitTests_OSX.xctest"
               BlueprintName = "UnitTests_OSX"
               ReferencedContainer = "container:SwiftySnippets.xcodeproj">
            </BuildableReference>
         </TestableReference>
         <TestableReference
            skipped = "NO">
            <BuildableReference
               BuildableIdentifier = "primary"
               BlueprintIdentifier = "EA3B4E1C2163A16E00BC730D"
               BuildableName = "FunctionalTests_OSX.xctest"
               BlueprintName = "FunctionalTests_OSX"
               ReferencedContainer = "container:SwiftySnippets.xcodeproj">
            </BuildableReference>
         </TestableReference>
      </Testables>
      <MacroExpansion>
         <BuildableReference
            BuildableIdentifier = "primary"
            BlueprintIdentifier = "EAA0E18D1E5D9A7400A7AA3A"
            BuildableName = "SwiftySnippets.framework"
            BlueprintName = "SwiftySnippets_macOS"
            ReferencedContainer = "container:SwiftySnippets.xcodeproj">
         </BuildableReference>
      </MacroExpansion>
      <AdditionalOptions>
      </AdditionalOptions>
   </TestAction>
   <LaunchAction
      buildConfiguration = "Debug"
      selectedDebuggerIdentifier = "Xcode.DebuggerFoundation.Debugger.LLDB"
      selectedLauncherIdentifier = "Xcode.DebuggerFoundation.Launcher.LLDB"
      launchStyle = "0"
      useCustomWorkingDirectory = "NO"
      ignoresPersistentStateOnLaunch = "NO"
      debugDocumentVersioning = "YES"
      debugServiceExtension = "internal"
      allowLocationSimulation = "NO">
      <MacroExpansion>
         <BuildableReference
            BuildableIdentifier = "primary"
            BlueprintIdentifier = "EAA0E18D1E5D9A7400A7AA3A"
            BuildableName = "SwiftySnippets.framework"
            BlueprintName = "SwiftySnippets_macOS"
            ReferencedContainer = "container:SwiftySnippets.xcodeproj">
         </BuildableReference>
      </MacroExpansion>
      <AdditionalOptions>
      </AdditionalOptions>
   </LaunchAction>
   <ProfileAction
      buildConfiguration = "Release"
      shouldUseLaunchSchemeArgsEnv = "YES"
      savedToolIdentifier = ""
      useCustomWorkingDirectory = "NO"
      debugDocumentVersioning = "YES">
      <MacroExpansion>
         <BuildableReference
            BuildableIdentifier = "primary"
            BlueprintIdentifier = "EAA0E18D1E5D9A7400A7AA3A"
            BuildableName = "SwiftySnippets.framework"
            BlueprintName = "SwiftySnippets_macOS"
            ReferencedContainer = "container:SwiftySnippets.xcodeproj">
         </BuildableReference>
      </MacroExpansion>
   </ProfileAction>
   <AnalyzeAction
      buildConfiguration = "Debug">
   </AnalyzeAction>
   <ArchiveAction
      buildConfiguration = "Release"
      revealArchiveInOrganizer = "YES">
   </ArchiveAction>
</Scheme>
