// !$*UTF8*$!
{
	archiveVersion = 1;
	classes = {
	};
	objectVersion = 51;
	objects = {

/* Begin PBXBuildFile section */
		23B5ECA09C039B2AEE214553 /* Pods_FunctionalTests_iOS.framework in Frameworks */ = {isa = PBXBuildFile; fileRef = 7C4C1414DC867191AB43AF22 /* Pods_FunctionalTests_iOS.framework */; };
		50DF203E65DE47412DD98043 /* Pods_SwiftySnippets_watchOS.framework in Frameworks */ = {isa = PBXBuildFile; fileRef = 1F9F2ABBCD12669157DBC98E /* Pods_SwiftySnippets_watchOS.framework */; };
		7129234DDEC01337A84B2FE9 /* Pods_SwiftySnippets_iOS.framework in Frameworks */ = {isa = PBXBuildFile; fileRef = 71D75601BC0E2E4B4D3AF9AF /* Pods_SwiftySnippets_iOS.framework */; };
		9A3097F49A4153AC2D51CCF2 /* Pods_SwiftySnippets_tvOS.framework in Frameworks */ = {isa = PBXBuildFile; fileRef = 9C5E337B10F91BC7E70FFBE8 /* Pods_SwiftySnippets_tvOS.framework */; };
		CBE77B6E51C260E0D8415609 /* Pods_UnitTests_iOS.framework in Frameworks */ = {isa = PBXBuildFile; fileRef = 32619A3B804A1A4A9E8CD8CC /* Pods_UnitTests_iOS.framework */; };
		D6D66D03B7CF3AE9C19B124A /* Pods_FunctionalTests_OSX.framework in Frameworks */ = {isa = PBXBuildFile; fileRef = 858BC96E987F3FE46BB92F91 /* Pods_FunctionalTests_OSX.framework */; };
		E2D061B2639CB1EFB8B1E6E1 /* Pods_SwiftySnippets_macOS.framework in Frameworks */ = {isa = PBXBuildFile; fileRef = 44C1BEC24B42C59983C1B3EF /* Pods_SwiftySnippets_macOS.framework */; };
		EA6D8D9922D5968800A2A1EC /* ArrayExtensions.swift in Sources */ = {isa = PBXBuildFile; fileRef = EA6D8D8622D5968800A2A1EC /* ArrayExtensions.swift */; };
		EA6D8D9A22D5968800A2A1EC /* ArrayExtensions.swift in Sources */ = {isa = PBXBuildFile; fileRef = EA6D8D8622D5968800A2A1EC /* ArrayExtensions.swift */; };
		EA6D8D9B22D5968800A2A1EC /* ArrayExtensions.swift in Sources */ = {isa = PBXBuildFile; fileRef = EA6D8D8622D5968800A2A1EC /* ArrayExtensions.swift */; };
		EA6D8D9C22D5968800A2A1EC /* ArrayExtensions.swift in Sources */ = {isa = PBXBuildFile; fileRef = EA6D8D8622D5968800A2A1EC /* ArrayExtensions.swift */; };
		EA6D8D9D22D5968800A2A1EC /* CGFloatExtensions.swift in Sources */ = {isa = PBXBuildFile; fileRef = EA6D8D8822D5968800A2A1EC /* CGFloatExtensions.swift */; };
		EA6D8D9E22D5968800A2A1EC /* CGFloatExtensions.swift in Sources */ = {isa = PBXBuildFile; fileRef = EA6D8D8822D5968800A2A1EC /* CGFloatExtensions.swift */; };
		EA6D8D9F22D5968800A2A1EC /* CGFloatExtensions.swift in Sources */ = {isa = PBXBuildFile; fileRef = EA6D8D8822D5968800A2A1EC /* CGFloatExtensions.swift */; };
		EA6D8DA122D5968800A2A1EC /* TimeIntervalExtensions.swift in Sources */ = {isa = PBXBuildFile; fileRef = EA6D8D8922D5968800A2A1EC /* TimeIntervalExtensions.swift */; };
		EA6D8DA222D5968800A2A1EC /* TimeIntervalExtensions.swift in Sources */ = {isa = PBXBuildFile; fileRef = EA6D8D8922D5968800A2A1EC /* TimeIntervalExtensions.swift */; };
		EA6D8DA322D5968800A2A1EC /* TimeIntervalExtensions.swift in Sources */ = {isa = PBXBuildFile; fileRef = EA6D8D8922D5968800A2A1EC /* TimeIntervalExtensions.swift */; };
		EA6D8DA422D5968800A2A1EC /* TimeIntervalExtensions.swift in Sources */ = {isa = PBXBuildFile; fileRef = EA6D8D8922D5968800A2A1EC /* TimeIntervalExtensions.swift */; };
		EA6D8DA522D5968800A2A1EC /* FloatingPointExtensions.swift in Sources */ = {isa = PBXBuildFile; fileRef = EA6D8D8A22D5968800A2A1EC /* FloatingPointExtensions.swift */; };
		EA6D8DA622D5968800A2A1EC /* FloatingPointExtensions.swift in Sources */ = {isa = PBXBuildFile; fileRef = EA6D8D8A22D5968800A2A1EC /* FloatingPointExtensions.swift */; };
		EA6D8DA722D5968800A2A1EC /* FloatingPointExtensions.swift in Sources */ = {isa = PBXBuildFile; fileRef = EA6D8D8A22D5968800A2A1EC /* FloatingPointExtensions.swift */; };
		EA6D8DA822D5968800A2A1EC /* FloatingPointExtensions.swift in Sources */ = {isa = PBXBuildFile; fileRef = EA6D8D8A22D5968800A2A1EC /* FloatingPointExtensions.swift */; };
		EA6D8DA922D5968800A2A1EC /* CodableExtensions.swift in Sources */ = {isa = PBXBuildFile; fileRef = EA6D8D8C22D5968800A2A1EC /* CodableExtensions.swift */; };
		EA6D8DAA22D5968800A2A1EC /* CodableExtensions.swift in Sources */ = {isa = PBXBuildFile; fileRef = EA6D8D8C22D5968800A2A1EC /* CodableExtensions.swift */; };
		EA6D8DAB22D5968800A2A1EC /* CodableExtensions.swift in Sources */ = {isa = PBXBuildFile; fileRef = EA6D8D8C22D5968800A2A1EC /* CodableExtensions.swift */; };
		EA6D8DAC22D5968800A2A1EC /* CodableExtensions.swift in Sources */ = {isa = PBXBuildFile; fileRef = EA6D8D8C22D5968800A2A1EC /* CodableExtensions.swift */; };
		EA6D8DAD22D5968800A2A1EC /* URLExtensions.swift in Sources */ = {isa = PBXBuildFile; fileRef = EA6D8D8D22D5968800A2A1EC /* URLExtensions.swift */; };
		EA6D8DAE22D5968800A2A1EC /* URLExtensions.swift in Sources */ = {isa = PBXBuildFile; fileRef = EA6D8D8D22D5968800A2A1EC /* URLExtensions.swift */; };
		EA6D8DAF22D5968800A2A1EC /* URLExtensions.swift in Sources */ = {isa = PBXBuildFile; fileRef = EA6D8D8D22D5968800A2A1EC /* URLExtensions.swift */; };
		EA6D8DB022D5968800A2A1EC /* URLExtensions.swift in Sources */ = {isa = PBXBuildFile; fileRef = EA6D8D8D22D5968800A2A1EC /* URLExtensions.swift */; };
		EA6D8DB122D5968800A2A1EC /* FailableDecodable.swift in Sources */ = {isa = PBXBuildFile; fileRef = EA6D8D8E22D5968800A2A1EC /* FailableDecodable.swift */; };
		EA6D8DB222D5968800A2A1EC /* FailableDecodable.swift in Sources */ = {isa = PBXBuildFile; fileRef = EA6D8D8E22D5968800A2A1EC /* FailableDecodable.swift */; };
		EA6D8DB322D5968800A2A1EC /* FailableDecodable.swift in Sources */ = {isa = PBXBuildFile; fileRef = EA6D8D8E22D5968800A2A1EC /* FailableDecodable.swift */; };
		EA6D8DB422D5968800A2A1EC /* FailableDecodable.swift in Sources */ = {isa = PBXBuildFile; fileRef = EA6D8D8E22D5968800A2A1EC /* FailableDecodable.swift */; };
		EA6D8DB522D5968800A2A1EC /* StringExtensions.swift in Sources */ = {isa = PBXBuildFile; fileRef = EA6D8D8F22D5968800A2A1EC /* StringExtensions.swift */; };
		EA6D8DB622D5968800A2A1EC /* StringExtensions.swift in Sources */ = {isa = PBXBuildFile; fileRef = EA6D8D8F22D5968800A2A1EC /* StringExtensions.swift */; };
		EA6D8DB822D5968800A2A1EC /* StringExtensions.swift in Sources */ = {isa = PBXBuildFile; fileRef = EA6D8D8F22D5968800A2A1EC /* StringExtensions.swift */; };
		EA6D8DB922D5968800A2A1EC /* DispatchQueueExtensions.swift in Sources */ = {isa = PBXBuildFile; fileRef = EA6D8D9022D5968800A2A1EC /* DispatchQueueExtensions.swift */; };
		EA6D8DBA22D5968800A2A1EC /* DispatchQueueExtensions.swift in Sources */ = {isa = PBXBuildFile; fileRef = EA6D8D9022D5968800A2A1EC /* DispatchQueueExtensions.swift */; };
		EA6D8DBB22D5968800A2A1EC /* DispatchQueueExtensions.swift in Sources */ = {isa = PBXBuildFile; fileRef = EA6D8D9022D5968800A2A1EC /* DispatchQueueExtensions.swift */; };
		EA6D8DBC22D5968800A2A1EC /* DispatchQueueExtensions.swift in Sources */ = {isa = PBXBuildFile; fileRef = EA6D8D9022D5968800A2A1EC /* DispatchQueueExtensions.swift */; };
		EA6D8DBD22D5968800A2A1EC /* DateExtensions.swift in Sources */ = {isa = PBXBuildFile; fileRef = EA6D8D9122D5968800A2A1EC /* DateExtensions.swift */; };
		EA6D8DBE22D5968800A2A1EC /* DateExtensions.swift in Sources */ = {isa = PBXBuildFile; fileRef = EA6D8D9122D5968800A2A1EC /* DateExtensions.swift */; };
		EA6D8DBF22D5968800A2A1EC /* DateExtensions.swift in Sources */ = {isa = PBXBuildFile; fileRef = EA6D8D9122D5968800A2A1EC /* DateExtensions.swift */; };
		EA6D8DC022D5968800A2A1EC /* DateExtensions.swift in Sources */ = {isa = PBXBuildFile; fileRef = EA6D8D9122D5968800A2A1EC /* DateExtensions.swift */; };
		EA6D8DC122D5968800A2A1EC /* NSObjectExtensions.swift in Sources */ = {isa = PBXBuildFile; fileRef = EA6D8D9222D5968800A2A1EC /* NSObjectExtensions.swift */; };
		EA6D8DC222D5968800A2A1EC /* NSObjectExtensions.swift in Sources */ = {isa = PBXBuildFile; fileRef = EA6D8D9222D5968800A2A1EC /* NSObjectExtensions.swift */; };
		EA6D8DC322D5968800A2A1EC /* NSObjectExtensions.swift in Sources */ = {isa = PBXBuildFile; fileRef = EA6D8D9222D5968800A2A1EC /* NSObjectExtensions.swift */; };
		EA6D8DC422D5968800A2A1EC /* NSObjectExtensions.swift in Sources */ = {isa = PBXBuildFile; fileRef = EA6D8D9222D5968800A2A1EC /* NSObjectExtensions.swift */; };
		EA6D8DC522D5968800A2A1EC /* UITableViewExtensions.swift in Sources */ = {isa = PBXBuildFile; fileRef = EA6D8D9522D5968800A2A1EC /* UITableViewExtensions.swift */; };
		EA6D8DC622D5968800A2A1EC /* UITableViewExtensions.swift in Sources */ = {isa = PBXBuildFile; fileRef = EA6D8D9522D5968800A2A1EC /* UITableViewExtensions.swift */; };
		EA6D8DC922D5968800A2A1EC /* UICollectionViewExtensions.swift in Sources */ = {isa = PBXBuildFile; fileRef = EA6D8D9622D5968800A2A1EC /* UICollectionViewExtensions.swift */; };
		EA6D8DCA22D5968800A2A1EC /* UICollectionViewExtensions.swift in Sources */ = {isa = PBXBuildFile; fileRef = EA6D8D9622D5968800A2A1EC /* UICollectionViewExtensions.swift */; };
		EA6D8DD122D5968800A2A1EC /* UIViewExtensions.swift in Sources */ = {isa = PBXBuildFile; fileRef = EA6D8D9822D5968800A2A1EC /* UIViewExtensions.swift */; };
		EA6D8DD222D5968800A2A1EC /* UIViewExtensions.swift in Sources */ = {isa = PBXBuildFile; fileRef = EA6D8D9822D5968800A2A1EC /* UIViewExtensions.swift */; };
		EA7A1C2922E1AB2B00107864 /* UINavigationControllerExtensions.swift in Sources */ = {isa = PBXBuildFile; fileRef = EA7A1C2822E1AB2B00107864 /* UINavigationControllerExtensions.swift */; };
		EA7A1C2A22E1AB2B00107864 /* UINavigationControllerExtensions.swift in Sources */ = {isa = PBXBuildFile; fileRef = EA7A1C2822E1AB2B00107864 /* UINavigationControllerExtensions.swift */; };
		EA7A1C2D22E1AC0200107864 /* UIColorExtensions.swift in Sources */ = {isa = PBXBuildFile; fileRef = EA7A1C2C22E1AC0200107864 /* UIColorExtensions.swift */; };
		EA7A1C2E22E1AC0200107864 /* UIColorExtensions.swift in Sources */ = {isa = PBXBuildFile; fileRef = EA7A1C2C22E1AC0200107864 /* UIColorExtensions.swift */; };
		EA7A1C2F22E1AC0200107864 /* UIColorExtensions.swift in Sources */ = {isa = PBXBuildFile; fileRef = EA7A1C2C22E1AC0200107864 /* UIColorExtensions.swift */; };
		EA7A1C3222E1E3D600107864 /* UIViewExtensions.swift in Sources */ = {isa = PBXBuildFile; fileRef = EA6D8D9822D5968800A2A1EC /* UIViewExtensions.swift */; };
		EA7A1C3322E1E3D600107864 /* UIViewExtensions.swift in Sources */ = {isa = PBXBuildFile; fileRef = EA6D8D9822D5968800A2A1EC /* UIViewExtensions.swift */; };
		EA7A1C3422E1E70500107864 /* UITableViewExtensions.swift in Sources */ = {isa = PBXBuildFile; fileRef = EA6D8D9522D5968800A2A1EC /* UITableViewExtensions.swift */; };
		EA7A1C3522E1E70600107864 /* UITableViewExtensions.swift in Sources */ = {isa = PBXBuildFile; fileRef = EA6D8D9522D5968800A2A1EC /* UITableViewExtensions.swift */; };
		EA7A1C3622E1E79300107864 /* UICollectionViewExtensions.swift in Sources */ = {isa = PBXBuildFile; fileRef = EA6D8D9622D5968800A2A1EC /* UICollectionViewExtensions.swift */; };
		EA7A1C3722E1E79400107864 /* UICollectionViewExtensions.swift in Sources */ = {isa = PBXBuildFile; fileRef = EA6D8D9622D5968800A2A1EC /* UICollectionViewExtensions.swift */; };
		EA7A1C3822E1E7BA00107864 /* UINavigationControllerExtensions.swift in Sources */ = {isa = PBXBuildFile; fileRef = EA7A1C2822E1AB2B00107864 /* UINavigationControllerExtensions.swift */; };
		EA7A1C3922E1E7BA00107864 /* UINavigationControllerExtensions.swift in Sources */ = {isa = PBXBuildFile; fileRef = EA7A1C2822E1AB2B00107864 /* UINavigationControllerExtensions.swift */; };
		EA7A1C3A22E1E7EF00107864 /* UIColorExtensions.swift in Sources */ = {isa = PBXBuildFile; fileRef = EA7A1C2C22E1AC0200107864 /* UIColorExtensions.swift */; };
		EA7A1C3B22E1E81F00107864 /* CGFloatExtensions.swift in Sources */ = {isa = PBXBuildFile; fileRef = EA6D8D8822D5968800A2A1EC /* CGFloatExtensions.swift */; };
		EA7A1C3C22E1E9DC00107864 /* StringExtensions.swift in Sources */ = {isa = PBXBuildFile; fileRef = EA6D8D8F22D5968800A2A1EC /* StringExtensions.swift */; };
		EA8A7FDD1FB18ACB00088163 /* SwiftySnippets.h in Headers */ = {isa = PBXBuildFile; fileRef = EA8A7F341FB18ACB00088163 /* SwiftySnippets.h */; settings = {ATTRIBUTES = (Public, ); }; };
		EA8A7FDE1FB18ACB00088163 /* SwiftySnippets.h in Headers */ = {isa = PBXBuildFile; fileRef = EA8A7F341FB18ACB00088163 /* SwiftySnippets.h */; settings = {ATTRIBUTES = (Public, ); }; };
		EA8A7FDF1FB18ACB00088163 /* SwiftySnippets.h in Headers */ = {isa = PBXBuildFile; fileRef = EA8A7F341FB18ACB00088163 /* SwiftySnippets.h */; settings = {ATTRIBUTES = (Public, ); }; };
		EA8A7FE01FB18ACB00088163 /* SwiftySnippets.h in Headers */ = {isa = PBXBuildFile; fileRef = EA8A7F341FB18ACB00088163 /* SwiftySnippets.h */; settings = {ATTRIBUTES = (Public, ); }; };
		F72645C83E99367E12001138 /* Pods_UnitTests_OSX.framework in Frameworks */ = {isa = PBXBuildFile; fileRef = A7231301B429EE2B13524AE3 /* Pods_UnitTests_OSX.framework */; };
/* End PBXBuildFile section */

/* Begin PBXContainerItemProxy section */
		EA3B4E1E2163A16E00BC730D /* PBXContainerItemProxy */ = {
			isa = PBXContainerItemProxy;
			containerPortal = EA0658081E03EBF000B46CEA /* Project object */;
			proxyType = 1;
			remoteGlobalIDString = EAA0E1B41E5D9B8900A7AA3A;
			remoteInfo = "SwiftAPI iOS";
		};
		EA3B4E312163A2D300BC730D /* PBXContainerItemProxy */ = {
			isa = PBXContainerItemProxy;
			containerPortal = EA0658081E03EBF000B46CEA /* Project object */;
			proxyType = 1;
			remoteGlobalIDString = EAA0E1B41E5D9B8900A7AA3A;
			remoteInfo = "SwiftAPI iOS";
		};
		EA93FE351E5EC42A00A82381 /* PBXContainerItemProxy */ = {
			isa = PBXContainerItemProxy;
			containerPortal = EA0658081E03EBF000B46CEA /* Project object */;
			proxyType = 1;
			remoteGlobalIDString = EAA0E1B41E5D9B8900A7AA3A;
			remoteInfo = "SwiftAPI iOS";
		};
		EA93FEA91E5EC87500A82381 /* PBXContainerItemProxy */ = {
			isa = PBXContainerItemProxy;
			containerPortal = EA0658081E03EBF000B46CEA /* Project object */;
			proxyType = 1;
			remoteGlobalIDString = EAA0E1B41E5D9B8900A7AA3A;
			remoteInfo = "SwiftAPI iOS";
		};
/* End PBXContainerItemProxy section */

/* Begin PBXFileReference section */
		0B7C802BD3FED072C10ACFDA /* Pods-UnitTests_iOS.release.xcconfig */ = {isa = PBXFileReference; includeInIndex = 1; lastKnownFileType = text.xcconfig; name = "Pods-UnitTests_iOS.release.xcconfig"; path = "Pods/Target Support Files/Pods-UnitTests_iOS/Pods-UnitTests_iOS.release.xcconfig"; sourceTree = "<group>"; };
		0D3B69CF7F487EAF3B4D943C /* Pods-UnitTests_OSX.release.xcconfig */ = {isa = PBXFileReference; includeInIndex = 1; lastKnownFileType = text.xcconfig; name = "Pods-UnitTests_OSX.release.xcconfig"; path = "Pods/Target Support Files/Pods-UnitTests_OSX/Pods-UnitTests_OSX.release.xcconfig"; sourceTree = "<group>"; };
		13271E7B423DBA497BD31269 /* Pods-UnitTests_iOS.debug.xcconfig */ = {isa = PBXFileReference; includeInIndex = 1; lastKnownFileType = text.xcconfig; name = "Pods-UnitTests_iOS.debug.xcconfig"; path = "Pods/Target Support Files/Pods-UnitTests_iOS/Pods-UnitTests_iOS.debug.xcconfig"; sourceTree = "<group>"; };
		1F9F2ABBCD12669157DBC98E /* Pods_SwiftySnippets_watchOS.framework */ = {isa = PBXFileReference; explicitFileType = wrapper.framework; includeInIndex = 0; path = Pods_SwiftySnippets_watchOS.framework; sourceTree = BUILT_PRODUCTS_DIR; };
		268B289254DBC1D6FD89DE1C /* Pods-FunctionalTests_OSX.release.xcconfig */ = {isa = PBXFileReference; includeInIndex = 1; lastKnownFileType = text.xcconfig; name = "Pods-FunctionalTests_OSX.release.xcconfig"; path = "Pods/Target Support Files/Pods-FunctionalTests_OSX/Pods-FunctionalTests_OSX.release.xcconfig"; sourceTree = "<group>"; };
		31C57D105CACD6E22CEC2883 /* Pods-FunctionalTests_iOS.release.xcconfig */ = {isa = PBXFileReference; includeInIndex = 1; lastKnownFileType = text.xcconfig; name = "Pods-FunctionalTests_iOS.release.xcconfig"; path = "Pods/Target Support Files/Pods-FunctionalTests_iOS/Pods-FunctionalTests_iOS.release.xcconfig"; sourceTree = "<group>"; };
		32619A3B804A1A4A9E8CD8CC /* Pods_UnitTests_iOS.framework */ = {isa = PBXFileReference; explicitFileType = wrapper.framework; includeInIndex = 0; path = Pods_UnitTests_iOS.framework; sourceTree = BUILT_PRODUCTS_DIR; };
		3B99862B04101E7AE28E2195 /* Pods-SwiftySnippets_tvOS.debug.xcconfig */ = {isa = PBXFileReference; includeInIndex = 1; lastKnownFileType = text.xcconfig; name = "Pods-SwiftySnippets_tvOS.debug.xcconfig"; path = "Pods/Target Support Files/Pods-SwiftySnippets_tvOS/Pods-SwiftySnippets_tvOS.debug.xcconfig"; sourceTree = "<group>"; };
		3FD749D3E512AAB8E14500D4 /* Pods-FunctionalTests_OSX.debug.xcconfig */ = {isa = PBXFileReference; includeInIndex = 1; lastKnownFileType = text.xcconfig; name = "Pods-FunctionalTests_OSX.debug.xcconfig"; path = "Pods/Target Support Files/Pods-FunctionalTests_OSX/Pods-FunctionalTests_OSX.debug.xcconfig"; sourceTree = "<group>"; };
		44C1BEC24B42C59983C1B3EF /* Pods_SwiftySnippets_macOS.framework */ = {isa = PBXFileReference; explicitFileType = wrapper.framework; includeInIndex = 0; path = Pods_SwiftySnippets_macOS.framework; sourceTree = BUILT_PRODUCTS_DIR; };
		60155F5EDA51C5D38B399B17 /* Pods-UnitTests_OSX.debug.xcconfig */ = {isa = PBXFileReference; includeInIndex = 1; lastKnownFileType = text.xcconfig; name = "Pods-UnitTests_OSX.debug.xcconfig"; path = "Pods/Target Support Files/Pods-UnitTests_OSX/Pods-UnitTests_OSX.debug.xcconfig"; sourceTree = "<group>"; };
		6ACE8DC995E8D1554166D1D2 /* Pods-SwiftySnippets_macOS.release.xcconfig */ = {isa = PBXFileReference; includeInIndex = 1; lastKnownFileType = text.xcconfig; name = "Pods-SwiftySnippets_macOS.release.xcconfig"; path = "Pods/Target Support Files/Pods-SwiftySnippets_macOS/Pods-SwiftySnippets_macOS.release.xcconfig"; sourceTree = "<group>"; };
		71D75601BC0E2E4B4D3AF9AF /* Pods_SwiftySnippets_iOS.framework */ = {isa = PBXFileReference; explicitFileType = wrapper.framework; includeInIndex = 0; path = Pods_SwiftySnippets_iOS.framework; sourceTree = BUILT_PRODUCTS_DIR; };
		7C4C1414DC867191AB43AF22 /* Pods_FunctionalTests_iOS.framework */ = {isa = PBXFileReference; explicitFileType = wrapper.framework; includeInIndex = 0; path = Pods_FunctionalTests_iOS.framework; sourceTree = BUILT_PRODUCTS_DIR; };
		858BC96E987F3FE46BB92F91 /* Pods_FunctionalTests_OSX.framework */ = {isa = PBXFileReference; explicitFileType = wrapper.framework; includeInIndex = 0; path = Pods_FunctionalTests_OSX.framework; sourceTree = BUILT_PRODUCTS_DIR; };
		86DE6F92D9EE0C403467636E /* Pods-SwiftySnippets_watchOS.release.xcconfig */ = {isa = PBXFileReference; includeInIndex = 1; lastKnownFileType = text.xcconfig; name = "Pods-SwiftySnippets_watchOS.release.xcconfig"; path = "Pods/Target Support Files/Pods-SwiftySnippets_watchOS/Pods-SwiftySnippets_watchOS.release.xcconfig"; sourceTree = "<group>"; };
		87D57D0C56038094F5A9F082 /* Pods-SwiftySnippets_iOS.debug.xcconfig */ = {isa = PBXFileReference; includeInIndex = 1; lastKnownFileType = text.xcconfig; name = "Pods-SwiftySnippets_iOS.debug.xcconfig"; path = "Pods/Target Support Files/Pods-SwiftySnippets_iOS/Pods-SwiftySnippets_iOS.debug.xcconfig"; sourceTree = "<group>"; };
		96A177A32C2A54417CAF8CCF /* Pods-SwiftySnippets_iOS.release.xcconfig */ = {isa = PBXFileReference; includeInIndex = 1; lastKnownFileType = text.xcconfig; name = "Pods-SwiftySnippets_iOS.release.xcconfig"; path = "Pods/Target Support Files/Pods-SwiftySnippets_iOS/Pods-SwiftySnippets_iOS.release.xcconfig"; sourceTree = "<group>"; };
		9834B5677B7EBCCDDD3ABD39 /* Pods-SwiftySnippets_tvOS.release.xcconfig */ = {isa = PBXFileReference; includeInIndex = 1; lastKnownFileType = text.xcconfig; name = "Pods-SwiftySnippets_tvOS.release.xcconfig"; path = "Pods/Target Support Files/Pods-SwiftySnippets_tvOS/Pods-SwiftySnippets_tvOS.release.xcconfig"; sourceTree = "<group>"; };
		98EC2765F2F4637408530814 /* Pods-SwiftySnippets_watchOS.debug.xcconfig */ = {isa = PBXFileReference; includeInIndex = 1; lastKnownFileType = text.xcconfig; name = "Pods-SwiftySnippets_watchOS.debug.xcconfig"; path = "Pods/Target Support Files/Pods-SwiftySnippets_watchOS/Pods-SwiftySnippets_watchOS.debug.xcconfig"; sourceTree = "<group>"; };
		9C5E337B10F91BC7E70FFBE8 /* Pods_SwiftySnippets_tvOS.framework */ = {isa = PBXFileReference; explicitFileType = wrapper.framework; includeInIndex = 0; path = Pods_SwiftySnippets_tvOS.framework; sourceTree = BUILT_PRODUCTS_DIR; };
		9E3385D8C644E950CF89A7B5 /* Pods-SwiftySnippets_macOS.debug.xcconfig */ = {isa = PBXFileReference; includeInIndex = 1; lastKnownFileType = text.xcconfig; name = "Pods-SwiftySnippets_macOS.debug.xcconfig"; path = "Pods/Target Support Files/Pods-SwiftySnippets_macOS/Pods-SwiftySnippets_macOS.debug.xcconfig"; sourceTree = "<group>"; };
		A7231301B429EE2B13524AE3 /* Pods_UnitTests_OSX.framework */ = {isa = PBXFileReference; explicitFileType = wrapper.framework; includeInIndex = 0; path = Pods_UnitTests_OSX.framework; sourceTree = BUILT_PRODUCTS_DIR; };
		D8BAD7F5B841E8F7FE82318E /* Pods-FunctionalTests_iOS.debug.xcconfig */ = {isa = PBXFileReference; includeInIndex = 1; lastKnownFileType = text.xcconfig; name = "Pods-FunctionalTests_iOS.debug.xcconfig"; path = "Pods/Target Support Files/Pods-FunctionalTests_iOS/Pods-FunctionalTests_iOS.debug.xcconfig"; sourceTree = "<group>"; };
		EA01F3FE1F0E511E001EC5B6 /* Info.plist */ = {isa = PBXFileReference; fileEncoding = 4; lastKnownFileType = text.plist.xml; name = Info.plist; path = Tests/Unit/Info.plist; sourceTree = SOURCE_ROOT; };
		EA083AE822BD81F70041213C /* SwiftySnippets.podspec */ = {isa = PBXFileReference; lastKnownFileType = text; path = SwiftySnippets.podspec; sourceTree = "<group>"; };
		EA3B4E2D2163A16E00BC730D /* FunctionalTests_OSX.xctest */ = {isa = PBXFileReference; explicitFileType = wrapper.cfbundle; includeInIndex = 0; path = FunctionalTests_OSX.xctest; sourceTree = BUILT_PRODUCTS_DIR; };
		EA3B4E512163A2D300BC730D /* UnitTests_OSX.xctest */ = {isa = PBXFileReference; explicitFileType = wrapper.cfbundle; includeInIndex = 0; path = UnitTests_OSX.xctest; sourceTree = BUILT_PRODUCTS_DIR; };
		EA66932C22CDD9C300031AD9 /* redeploy.sh */ = {isa = PBXFileReference; lastKnownFileType = text.script.sh; name = redeploy.sh; path = Scripts/redeploy.sh; sourceTree = "<group>"; };
		EA6D8D8622D5968800A2A1EC /* ArrayExtensions.swift */ = {isa = PBXFileReference; fileEncoding = 4; lastKnownFileType = sourcecode.swift; path = ArrayExtensions.swift; sourceTree = "<group>"; };
		EA6D8D8822D5968800A2A1EC /* CGFloatExtensions.swift */ = {isa = PBXFileReference; fileEncoding = 4; lastKnownFileType = sourcecode.swift; path = CGFloatExtensions.swift; sourceTree = "<group>"; };
		EA6D8D8922D5968800A2A1EC /* TimeIntervalExtensions.swift */ = {isa = PBXFileReference; fileEncoding = 4; lastKnownFileType = sourcecode.swift; path = TimeIntervalExtensions.swift; sourceTree = "<group>"; };
		EA6D8D8A22D5968800A2A1EC /* FloatingPointExtensions.swift */ = {isa = PBXFileReference; fileEncoding = 4; lastKnownFileType = sourcecode.swift; path = FloatingPointExtensions.swift; sourceTree = "<group>"; };
		EA6D8D8C22D5968800A2A1EC /* CodableExtensions.swift */ = {isa = PBXFileReference; fileEncoding = 4; lastKnownFileType = sourcecode.swift; path = CodableExtensions.swift; sourceTree = "<group>"; };
		EA6D8D8D22D5968800A2A1EC /* URLExtensions.swift */ = {isa = PBXFileReference; fileEncoding = 4; lastKnownFileType = sourcecode.swift; path = URLExtensions.swift; sourceTree = "<group>"; };
		EA6D8D8E22D5968800A2A1EC /* FailableDecodable.swift */ = {isa = PBXFileReference; fileEncoding = 4; lastKnownFileType = sourcecode.swift; path = FailableDecodable.swift; sourceTree = "<group>"; };
		EA6D8D8F22D5968800A2A1EC /* StringExtensions.swift */ = {isa = PBXFileReference; fileEncoding = 4; lastKnownFileType = sourcecode.swift; path = StringExtensions.swift; sourceTree = "<group>"; };
		EA6D8D9022D5968800A2A1EC /* DispatchQueueExtensions.swift */ = {isa = PBXFileReference; fileEncoding = 4; lastKnownFileType = sourcecode.swift; path = DispatchQueueExtensions.swift; sourceTree = "<group>"; };
		EA6D8D9122D5968800A2A1EC /* DateExtensions.swift */ = {isa = PBXFileReference; fileEncoding = 4; lastKnownFileType = sourcecode.swift; path = DateExtensions.swift; sourceTree = "<group>"; };
		EA6D8D9222D5968800A2A1EC /* NSObjectExtensions.swift */ = {isa = PBXFileReference; fileEncoding = 4; lastKnownFileType = sourcecode.swift; path = NSObjectExtensions.swift; sourceTree = "<group>"; };
		EA6D8D9522D5968800A2A1EC /* UITableViewExtensions.swift */ = {isa = PBXFileReference; fileEncoding = 4; lastKnownFileType = sourcecode.swift; path = UITableViewExtensions.swift; sourceTree = "<group>"; };
		EA6D8D9622D5968800A2A1EC /* UICollectionViewExtensions.swift */ = {isa = PBXFileReference; fileEncoding = 4; lastKnownFileType = sourcecode.swift; path = UICollectionViewExtensions.swift; sourceTree = "<group>"; };
		EA6D8D9822D5968800A2A1EC /* UIViewExtensions.swift */ = {isa = PBXFileReference; fileEncoding = 4; lastKnownFileType = sourcecode.swift; path = UIViewExtensions.swift; sourceTree = "<group>"; };
		EA7A1C2822E1AB2B00107864 /* UINavigationControllerExtensions.swift */ = {isa = PBXFileReference; lastKnownFileType = sourcecode.swift; path = UINavigationControllerExtensions.swift; sourceTree = "<group>"; };
		EA7A1C2C22E1AC0200107864 /* UIColorExtensions.swift */ = {isa = PBXFileReference; lastKnownFileType = sourcecode.swift; path = UIColorExtensions.swift; sourceTree = "<group>"; };
		EA8A7F301FB18ACB00088163 /* Info-iOS.plist */ = {isa = PBXFileReference; fileEncoding = 4; lastKnownFileType = text.plist.xml; path = "Info-iOS.plist"; sourceTree = "<group>"; };
		EA8A7F311FB18ACB00088163 /* Info-macOS.plist */ = {isa = PBXFileReference; fileEncoding = 4; lastKnownFileType = text.plist.xml; path = "Info-macOS.plist"; sourceTree = "<group>"; };
		EA8A7F321FB18ACB00088163 /* Info-tvOS.plist */ = {isa = PBXFileReference; fileEncoding = 4; lastKnownFileType = text.plist.xml; path = "Info-tvOS.plist"; sourceTree = "<group>"; };
		EA8A7F331FB18ACB00088163 /* Info-watchOS.plist */ = {isa = PBXFileReference; fileEncoding = 4; lastKnownFileType = text.plist.xml; path = "Info-watchOS.plist"; sourceTree = "<group>"; };
		EA8A7F341FB18ACB00088163 /* SwiftySnippets.h */ = {isa = PBXFileReference; fileEncoding = 4; lastKnownFileType = sourcecode.c.h; path = SwiftySnippets.h; sourceTree = "<group>"; };
		EA93FE2F1E5EC42A00A82381 /* UnitTests_iOS.xctest */ = {isa = PBXFileReference; explicitFileType = wrapper.cfbundle; includeInIndex = 0; path = UnitTests_iOS.xctest; sourceTree = BUILT_PRODUCTS_DIR; };
		EA93FEA31E5EC87500A82381 /* FunctionalTests_iOS.xctest */ = {isa = PBXFileReference; explicitFileType = wrapper.cfbundle; includeInIndex = 0; path = FunctionalTests_iOS.xctest; sourceTree = BUILT_PRODUCTS_DIR; };
		EA93FEB31E5ECAB400A82381 /* Info.plist */ = {isa = PBXFileReference; fileEncoding = 4; lastKnownFileType = text.plist.xml; path = Info.plist; sourceTree = "<group>"; };
		EA992AA31E56FA2F007E7222 /* CHANGELOG.md */ = {isa = PBXFileReference; fileEncoding = 4; lastKnownFileType = net.daringfireball.markdown; path = CHANGELOG.md; sourceTree = SOURCE_ROOT; };
		EA992AA71E56FB4D007E7222 /* README.md */ = {isa = PBXFileReference; fileEncoding = 4; lastKnownFileType = net.daringfireball.markdown; path = README.md; sourceTree = SOURCE_ROOT; };
		EA992AA81E56FB4D007E7222 /* deploy.sh */ = {isa = PBXFileReference; fileEncoding = 4; lastKnownFileType = text.script.sh; name = deploy.sh; path = Scripts/deploy.sh; sourceTree = SOURCE_ROOT; };
		EAA0E18E1E5D9A7400A7AA3A /* SwiftySnippets.framework */ = {isa = PBXFileReference; explicitFileType = wrapper.framework; includeInIndex = 0; path = SwiftySnippets.framework; sourceTree = BUILT_PRODUCTS_DIR; };
		EAA0E19B1E5D9B0700A7AA3A /* SwiftySnippets.framework */ = {isa = PBXFileReference; explicitFileType = wrapper.framework; includeInIndex = 0; path = SwiftySnippets.framework; sourceTree = BUILT_PRODUCTS_DIR; };
		EAA0E1A81E5D9B6B00A7AA3A /* SwiftySnippets.framework */ = {isa = PBXFileReference; explicitFileType = wrapper.framework; includeInIndex = 0; path = SwiftySnippets.framework; sourceTree = BUILT_PRODUCTS_DIR; };
		EAA0E1B51E5D9B8900A7AA3A /* SwiftySnippets.framework */ = {isa = PBXFileReference; explicitFileType = wrapper.framework; includeInIndex = 0; path = SwiftySnippets.framework; sourceTree = BUILT_PRODUCTS_DIR; };
		EAA0E2A91E5DC4AA00A7AA3A /* LICENSE */ = {isa = PBXFileReference; fileEncoding = 4; lastKnownFileType = text; path = LICENSE; sourceTree = "<group>"; };
/* End PBXFileReference section */

/* Begin PBXFrameworksBuildPhase section */
		EA3B4E252163A16E00BC730D /* Frameworks */ = {
			isa = PBXFrameworksBuildPhase;
			buildActionMask = 2147483647;
			files = (
				D6D66D03B7CF3AE9C19B124A /* Pods_FunctionalTests_OSX.framework in Frameworks */,
			);
			runOnlyForDeploymentPostprocessing = 0;
		};
		EA3B4E4B2163A2D300BC730D /* Frameworks */ = {
			isa = PBXFrameworksBuildPhase;
			buildActionMask = 2147483647;
			files = (
				F72645C83E99367E12001138 /* Pods_UnitTests_OSX.framework in Frameworks */,
			);
			runOnlyForDeploymentPostprocessing = 0;
		};
		EA93FE2C1E5EC42A00A82381 /* Frameworks */ = {
			isa = PBXFrameworksBuildPhase;
			buildActionMask = 2147483647;
			files = (
				CBE77B6E51C260E0D8415609 /* Pods_UnitTests_iOS.framework in Frameworks */,
			);
			runOnlyForDeploymentPostprocessing = 0;
		};
		EA93FEA01E5EC87500A82381 /* Frameworks */ = {
			isa = PBXFrameworksBuildPhase;
			buildActionMask = 2147483647;
			files = (
				23B5ECA09C039B2AEE214553 /* Pods_FunctionalTests_iOS.framework in Frameworks */,
			);
			runOnlyForDeploymentPostprocessing = 0;
		};
		EAA0E18A1E5D9A7400A7AA3A /* Frameworks */ = {
			isa = PBXFrameworksBuildPhase;
			buildActionMask = 2147483647;
			files = (
				E2D061B2639CB1EFB8B1E6E1 /* Pods_SwiftySnippets_macOS.framework in Frameworks */,
			);
			runOnlyForDeploymentPostprocessing = 0;
		};
		EAA0E1971E5D9B0700A7AA3A /* Frameworks */ = {
			isa = PBXFrameworksBuildPhase;
			buildActionMask = 2147483647;
			files = (
				9A3097F49A4153AC2D51CCF2 /* Pods_SwiftySnippets_tvOS.framework in Frameworks */,
			);
			runOnlyForDeploymentPostprocessing = 0;
		};
		EAA0E1A41E5D9B6B00A7AA3A /* Frameworks */ = {
			isa = PBXFrameworksBuildPhase;
			buildActionMask = 2147483647;
			files = (
				50DF203E65DE47412DD98043 /* Pods_SwiftySnippets_watchOS.framework in Frameworks */,
			);
			runOnlyForDeploymentPostprocessing = 0;
		};
		EAA0E1B11E5D9B8900A7AA3A /* Frameworks */ = {
			isa = PBXFrameworksBuildPhase;
			buildActionMask = 2147483647;
			files = (
				7129234DDEC01337A84B2FE9 /* Pods_SwiftySnippets_iOS.framework in Frameworks */,
			);
			runOnlyForDeploymentPostprocessing = 0;
		};
/* End PBXFrameworksBuildPhase section */

/* Begin PBXGroup section */
		5B3BBE1B5574504503C6F539 /* Frameworks */ = {
			isa = PBXGroup;
			children = (
				7C4C1414DC867191AB43AF22 /* Pods_FunctionalTests_iOS.framework */,
				32619A3B804A1A4A9E8CD8CC /* Pods_UnitTests_iOS.framework */,
				71D75601BC0E2E4B4D3AF9AF /* Pods_SwiftySnippets_iOS.framework */,
				858BC96E987F3FE46BB92F91 /* Pods_FunctionalTests_OSX.framework */,
				44C1BEC24B42C59983C1B3EF /* Pods_SwiftySnippets_macOS.framework */,
				9C5E337B10F91BC7E70FFBE8 /* Pods_SwiftySnippets_tvOS.framework */,
				1F9F2ABBCD12669157DBC98E /* Pods_SwiftySnippets_watchOS.framework */,
				A7231301B429EE2B13524AE3 /* Pods_UnitTests_OSX.framework */,
			);
			name = Frameworks;
			sourceTree = "<group>";
		};
		C283B9D8C8F9E1CFFD6672D8 /* Pods */ = {
			isa = PBXGroup;
			children = (
				D8BAD7F5B841E8F7FE82318E /* Pods-FunctionalTests_iOS.debug.xcconfig */,
				31C57D105CACD6E22CEC2883 /* Pods-FunctionalTests_iOS.release.xcconfig */,
				87D57D0C56038094F5A9F082 /* Pods-SwiftySnippets_iOS.debug.xcconfig */,
				96A177A32C2A54417CAF8CCF /* Pods-SwiftySnippets_iOS.release.xcconfig */,
				13271E7B423DBA497BD31269 /* Pods-UnitTests_iOS.debug.xcconfig */,
				0B7C802BD3FED072C10ACFDA /* Pods-UnitTests_iOS.release.xcconfig */,
				3FD749D3E512AAB8E14500D4 /* Pods-FunctionalTests_OSX.debug.xcconfig */,
				268B289254DBC1D6FD89DE1C /* Pods-FunctionalTests_OSX.release.xcconfig */,
				9E3385D8C644E950CF89A7B5 /* Pods-SwiftySnippets_macOS.debug.xcconfig */,
				6ACE8DC995E8D1554166D1D2 /* Pods-SwiftySnippets_macOS.release.xcconfig */,
				3B99862B04101E7AE28E2195 /* Pods-SwiftySnippets_tvOS.debug.xcconfig */,
				9834B5677B7EBCCDDD3ABD39 /* Pods-SwiftySnippets_tvOS.release.xcconfig */,
				98EC2765F2F4637408530814 /* Pods-SwiftySnippets_watchOS.debug.xcconfig */,
				86DE6F92D9EE0C403467636E /* Pods-SwiftySnippets_watchOS.release.xcconfig */,
				60155F5EDA51C5D38B399B17 /* Pods-UnitTests_OSX.debug.xcconfig */,
				0D3B69CF7F487EAF3B4D943C /* Pods-UnitTests_OSX.release.xcconfig */,
			);
			name = Pods;
			sourceTree = "<group>";
		};
		EA0658071E03EBF000B46CEA = {
			isa = PBXGroup;
			children = (
				EA8A7EF91FB18ACB00088163 /* Sources */,
				EAA0E2A81E5DC43F00A7AA3A /* Metadata */,
				EA06581E1E03EBF000B46CEA /* Tests */,
				EA0658121E03EBF000B46CEA /* Products */,
				C283B9D8C8F9E1CFFD6672D8 /* Pods */,
				5B3BBE1B5574504503C6F539 /* Frameworks */,
			);
			sourceTree = "<group>";
		};
		EA0658121E03EBF000B46CEA /* Products */ = {
			isa = PBXGroup;
			children = (
				EAA0E18E1E5D9A7400A7AA3A /* SwiftySnippets.framework */,
				EAA0E19B1E5D9B0700A7AA3A /* SwiftySnippets.framework */,
				EAA0E1A81E5D9B6B00A7AA3A /* SwiftySnippets.framework */,
				EAA0E1B51E5D9B8900A7AA3A /* SwiftySnippets.framework */,
				EA93FE2F1E5EC42A00A82381 /* UnitTests_iOS.xctest */,
				EA93FEA31E5EC87500A82381 /* FunctionalTests_iOS.xctest */,
				EA3B4E2D2163A16E00BC730D /* FunctionalTests_OSX.xctest */,
				EA3B4E512163A2D300BC730D /* UnitTests_OSX.xctest */,
			);
			name = Products;
			sourceTree = "<group>";
		};
		EA06581E1E03EBF000B46CEA /* Tests */ = {
			isa = PBXGroup;
			children = (
				EA93FE3A1E5EC4C700A82381 /* Unit */,
				EA93FE821E5EC5C300A82381 /* Functional */,
			);
			path = Tests;
			sourceTree = "<group>";
		};
		EA6D8D8522D5968800A2A1EC /* Foundation */ = {
			isa = PBXGroup;
			children = (
				EA6D8D8722D5968800A2A1EC /* Numbers */,
				EA6D8D8B22D5968800A2A1EC /* Network */,
				EA6D8D9022D5968800A2A1EC /* DispatchQueueExtensions.swift */,
				EA6D8D9222D5968800A2A1EC /* NSObjectExtensions.swift */,
				EA6D8D8F22D5968800A2A1EC /* StringExtensions.swift */,
				EA6D8D9122D5968800A2A1EC /* DateExtensions.swift */,
				EA6D8D8622D5968800A2A1EC /* ArrayExtensions.swift */,
			);
			path = Foundation;
			sourceTree = "<group>";
		};
		EA6D8D8722D5968800A2A1EC /* Numbers */ = {
			isa = PBXGroup;
			children = (
				EA6D8D8A22D5968800A2A1EC /* FloatingPointExtensions.swift */,
				EA6D8D8922D5968800A2A1EC /* TimeIntervalExtensions.swift */,
				EA6D8D8822D5968800A2A1EC /* CGFloatExtensions.swift */,
			);
			path = Numbers;
			sourceTree = "<group>";
		};
		EA6D8D8B22D5968800A2A1EC /* Network */ = {
			isa = PBXGroup;
			children = (
				EA6D8D8D22D5968800A2A1EC /* URLExtensions.swift */,
				EA6D8D8C22D5968800A2A1EC /* CodableExtensions.swift */,
				EA6D8D8E22D5968800A2A1EC /* FailableDecodable.swift */,
			);
			path = Network;
			sourceTree = "<group>";
		};
		EA6D8D9322D5968800A2A1EC /* UIKit */ = {
			isa = PBXGroup;
			children = (
				EA6D8D9422D5968800A2A1EC /* Views */,
				EA7A1C2C22E1AC0200107864 /* UIColorExtensions.swift */,
			);
			path = UIKit;
			sourceTree = "<group>";
		};
		EA6D8D9422D5968800A2A1EC /* Views */ = {
			isa = PBXGroup;
			children = (
				EA6D8D9822D5968800A2A1EC /* UIViewExtensions.swift */,
				EA6D8D9522D5968800A2A1EC /* UITableViewExtensions.swift */,
				EA6D8D9622D5968800A2A1EC /* UICollectionViewExtensions.swift */,
				EA7A1C2822E1AB2B00107864 /* UINavigationControllerExtensions.swift */,
			);
			path = Views;
			sourceTree = "<group>";
		};
		EA8A7EF91FB18ACB00088163 /* Sources */ = {
			isa = PBXGroup;
			children = (
				EA6D8D9322D5968800A2A1EC /* UIKit */,
				EA6D8D8522D5968800A2A1EC /* Foundation */,
				EA8A7F2F1FB18ACB00088163 /* SupportingFiles */,
			);
			path = Sources;
			sourceTree = "<group>";
		};
		EA8A7F2F1FB18ACB00088163 /* SupportingFiles */ = {
			isa = PBXGroup;
			children = (
				EA8A7F341FB18ACB00088163 /* SwiftySnippets.h */,
				EA8A7F301FB18ACB00088163 /* Info-iOS.plist */,
				EA8A7F321FB18ACB00088163 /* Info-tvOS.plist */,
				EA8A7F311FB18ACB00088163 /* Info-macOS.plist */,
				EA8A7F331FB18ACB00088163 /* Info-watchOS.plist */,
			);
			path = SupportingFiles;
			sourceTree = "<group>";
		};
		EA93FE3A1E5EC4C700A82381 /* Unit */ = {
			isa = PBXGroup;
			children = (
				EA93FE631E5EC4C700A82381 /* SupportingFiles */,
			);
			name = Unit;
			path = Tests/Unit;
			sourceTree = SOURCE_ROOT;
		};
		EA93FE631E5EC4C700A82381 /* SupportingFiles */ = {
			isa = PBXGroup;
			children = (
				EA01F3FE1F0E511E001EC5B6 /* Info.plist */,
			);
			name = SupportingFiles;
			sourceTree = "<group>";
		};
		EA93FE821E5EC5C300A82381 /* Functional */ = {
			isa = PBXGroup;
			children = (
				EA93FEBB1E5ECAB900A82381 /* SupportingFIles */,
			);
			name = Functional;
			path = Tests/Functional;
			sourceTree = SOURCE_ROOT;
		};
		EA93FEBB1E5ECAB900A82381 /* SupportingFIles */ = {
			isa = PBXGroup;
			children = (
				EA93FEB31E5ECAB400A82381 /* Info.plist */,
			);
			name = SupportingFIles;
			sourceTree = "<group>";
		};
		EAA0E2A81E5DC43F00A7AA3A /* Metadata */ = {
			isa = PBXGroup;
			children = (
				EA992AA71E56FB4D007E7222 /* README.md */,
				EA992AA31E56FA2F007E7222 /* CHANGELOG.md */,
				EAA0E2A91E5DC4AA00A7AA3A /* LICENSE */,
				EA083AE822BD81F70041213C /* SwiftySnippets.podspec */,
				EA992AA81E56FB4D007E7222 /* deploy.sh */,
				EA66932C22CDD9C300031AD9 /* redeploy.sh */,
			);
			name = Metadata;
			sourceTree = "<group>";
		};
/* End PBXGroup section */

/* Begin PBXHeadersBuildPhase section */
		EAA0E18B1E5D9A7400A7AA3A /* Headers */ = {
			isa = PBXHeadersBuildPhase;
			buildActionMask = 2147483647;
			files = (
				EA8A7FDF1FB18ACB00088163 /* SwiftySnippets.h in Headers */,
			);
			runOnlyForDeploymentPostprocessing = 0;
		};
		EAA0E1981E5D9B0700A7AA3A /* Headers */ = {
			isa = PBXHeadersBuildPhase;
			buildActionMask = 2147483647;
			files = (
				EA8A7FDE1FB18ACB00088163 /* SwiftySnippets.h in Headers */,
			);
			runOnlyForDeploymentPostprocessing = 0;
		};
		EAA0E1A51E5D9B6B00A7AA3A /* Headers */ = {
			isa = PBXHeadersBuildPhase;
			buildActionMask = 2147483647;
			files = (
				EA8A7FE01FB18ACB00088163 /* SwiftySnippets.h in Headers */,
			);
			runOnlyForDeploymentPostprocessing = 0;
		};
		EAA0E1B21E5D9B8900A7AA3A /* Headers */ = {
			isa = PBXHeadersBuildPhase;
			buildActionMask = 2147483647;
			files = (
				EA8A7FDD1FB18ACB00088163 /* SwiftySnippets.h in Headers */,
			);
			runOnlyForDeploymentPostprocessing = 0;
		};
/* End PBXHeadersBuildPhase section */

/* Begin PBXNativeTarget section */
		EA3B4E1C2163A16E00BC730D /* FunctionalTests_OSX */ = {
			isa = PBXNativeTarget;
			buildConfigurationList = EA3B4E2A2163A16E00BC730D /* Build configuration list for PBXNativeTarget "FunctionalTests_OSX" */;
			buildPhases = (
				5F22EE09EFDEC7490EBFA434 /* [CP] Check Pods Manifest.lock */,
				EA3B4E1F2163A16E00BC730D /* Sources */,
				EA3B4E252163A16E00BC730D /* Frameworks */,
				EA3B4E272163A16E00BC730D /* Resources */,
			);
			buildRules = (
			);
			dependencies = (
				EA3B4E1D2163A16E00BC730D /* PBXTargetDependency */,
			);
			name = FunctionalTests_OSX;
			productName = "FunctionalTests iOS";
			productReference = EA3B4E2D2163A16E00BC730D /* FunctionalTests_OSX.xctest */;
			productType = "com.apple.product-type.bundle.unit-test";
		};
		EA3B4E2F2163A2D300BC730D /* UnitTests_OSX */ = {
			isa = PBXNativeTarget;
			buildConfigurationList = EA3B4E4E2163A2D300BC730D /* Build configuration list for PBXNativeTarget "UnitTests_OSX" */;
			buildPhases = (
				DF9D9443C8EC9D11A37B3629 /* [CP] Check Pods Manifest.lock */,
				EA3B4E322163A2D300BC730D /* Sources */,
				EA3B4E4B2163A2D300BC730D /* Frameworks */,
				EA3B4E4D2163A2D300BC730D /* Resources */,
			);
			buildRules = (
			);
			dependencies = (
				EA3B4E302163A2D300BC730D /* PBXTargetDependency */,
			);
			name = UnitTests_OSX;
			productName = "UnitTests iOS";
			productReference = EA3B4E512163A2D300BC730D /* UnitTests_OSX.xctest */;
			productType = "com.apple.product-type.bundle.unit-test";
		};
		EA93FE2E1E5EC42A00A82381 /* UnitTests_iOS */ = {
			isa = PBXNativeTarget;
			buildConfigurationList = EA93FE371E5EC42A00A82381 /* Build configuration list for PBXNativeTarget "UnitTests_iOS" */;
			buildPhases = (
				7509B6DC1E7E83F789A19136 /* [CP] Check Pods Manifest.lock */,
				EA93FE2B1E5EC42A00A82381 /* Sources */,
				EA93FE2C1E5EC42A00A82381 /* Frameworks */,
				EA93FE2D1E5EC42A00A82381 /* Resources */,
			);
			buildRules = (
			);
			dependencies = (
				EA93FE361E5EC42A00A82381 /* PBXTargetDependency */,
			);
			name = UnitTests_iOS;
			productName = "UnitTests iOS";
			productReference = EA93FE2F1E5EC42A00A82381 /* UnitTests_iOS.xctest */;
			productType = "com.apple.product-type.bundle.unit-test";
		};
		EA93FEA21E5EC87500A82381 /* FunctionalTests_iOS */ = {
			isa = PBXNativeTarget;
			buildConfigurationList = EA93FEAB1E5EC87500A82381 /* Build configuration list for PBXNativeTarget "FunctionalTests_iOS" */;
			buildPhases = (
				5DFCAE2865C513221A0E1A17 /* [CP] Check Pods Manifest.lock */,
				EA93FE9F1E5EC87500A82381 /* Sources */,
				EA93FEA01E5EC87500A82381 /* Frameworks */,
				EA93FEA11E5EC87500A82381 /* Resources */,
			);
			buildRules = (
			);
			dependencies = (
				EA93FEAA1E5EC87500A82381 /* PBXTargetDependency */,
			);
			name = FunctionalTests_iOS;
			productName = "FunctionalTests iOS";
			productReference = EA93FEA31E5EC87500A82381 /* FunctionalTests_iOS.xctest */;
			productType = "com.apple.product-type.bundle.unit-test";
		};
		EAA0E18D1E5D9A7400A7AA3A /* SwiftySnippets_macOS */ = {
			isa = PBXNativeTarget;
			buildConfigurationList = EAA0E1931E5D9A7400A7AA3A /* Build configuration list for PBXNativeTarget "SwiftySnippets_macOS" */;
			buildPhases = (
				062238DDE85117D4B23EF673 /* [CP] Check Pods Manifest.lock */,
				EAA0E1891E5D9A7400A7AA3A /* Sources */,
				EAA0E18A1E5D9A7400A7AA3A /* Frameworks */,
				EAA0E18B1E5D9A7400A7AA3A /* Headers */,
				EAA0E18C1E5D9A7400A7AA3A /* Resources */,
			);
			buildRules = (
			);
			dependencies = (
			);
			name = SwiftySnippets_macOS;
			productName = "SwiftAPI macOS";
			productReference = EAA0E18E1E5D9A7400A7AA3A /* SwiftySnippets.framework */;
			productType = "com.apple.product-type.framework";
		};
		EAA0E19A1E5D9B0700A7AA3A /* SwiftySnippets_tvOS */ = {
			isa = PBXNativeTarget;
			buildConfigurationList = EAA0E1A01E5D9B0700A7AA3A /* Build configuration list for PBXNativeTarget "SwiftySnippets_tvOS" */;
			buildPhases = (
				C8A2F3DF6727C4F0CAF93960 /* [CP] Check Pods Manifest.lock */,
				EAA0E1961E5D9B0700A7AA3A /* Sources */,
				EAA0E1971E5D9B0700A7AA3A /* Frameworks */,
				EAA0E1981E5D9B0700A7AA3A /* Headers */,
				EAA0E1991E5D9B0700A7AA3A /* Resources */,
			);
			buildRules = (
			);
			dependencies = (
			);
			name = SwiftySnippets_tvOS;
			productName = "SwiftAPI tvOS";
			productReference = EAA0E19B1E5D9B0700A7AA3A /* SwiftySnippets.framework */;
			productType = "com.apple.product-type.framework";
		};
		EAA0E1A71E5D9B6B00A7AA3A /* SwiftySnippets_watchOS */ = {
			isa = PBXNativeTarget;
			buildConfigurationList = EAA0E1AD1E5D9B6B00A7AA3A /* Build configuration list for PBXNativeTarget "SwiftySnippets_watchOS" */;
			buildPhases = (
				546534D284CDE0640332870B /* [CP] Check Pods Manifest.lock */,
				EAA0E1A31E5D9B6B00A7AA3A /* Sources */,
				EAA0E1A41E5D9B6B00A7AA3A /* Frameworks */,
				EAA0E1A51E5D9B6B00A7AA3A /* Headers */,
				EAA0E1A61E5D9B6B00A7AA3A /* Resources */,
			);
			buildRules = (
			);
			dependencies = (
			);
			name = SwiftySnippets_watchOS;
			productName = "SwiftAPI watchOS";
			productReference = EAA0E1A81E5D9B6B00A7AA3A /* SwiftySnippets.framework */;
			productType = "com.apple.product-type.framework";
		};
		EAA0E1B41E5D9B8900A7AA3A /* SwiftySnippets_iOS */ = {
			isa = PBXNativeTarget;
			buildConfigurationList = EAA0E1BA1E5D9B8900A7AA3A /* Build configuration list for PBXNativeTarget "SwiftySnippets_iOS" */;
			buildPhases = (
				C23EF3F32ABEC67F27A60543 /* [CP] Check Pods Manifest.lock */,
				EAA0E1B01E5D9B8900A7AA3A /* Sources */,
				EAA0E1B11E5D9B8900A7AA3A /* Frameworks */,
				EAA0E1B21E5D9B8900A7AA3A /* Headers */,
				EAA0E1B31E5D9B8900A7AA3A /* Resources */,
			);
			buildRules = (
			);
			dependencies = (
			);
			name = SwiftySnippets_iOS;
			productName = "SwiftAPI iOS";
			productReference = EAA0E1B51E5D9B8900A7AA3A /* SwiftySnippets.framework */;
			productType = "com.apple.product-type.framework";
		};
/* End PBXNativeTarget section */

/* Begin PBXProject section */
		EA0658081E03EBF000B46CEA /* Project object */ = {
			isa = PBXProject;
			attributes = {
				LastSwiftUpdateCheck = 0820;
				LastUpgradeCheck = 1020;
				ORGANIZATIONNAME = "";
				TargetAttributes = {
					EA3B4E1C2163A16E00BC730D = {
						DevelopmentTeam = B4QB84STNF;
					};
					EA3B4E2F2163A2D300BC730D = {
						DevelopmentTeam = B4QB84STNF;
					};
					EA93FE2E1E5EC42A00A82381 = {
						CreatedOnToolsVersion = 8.2.1;
						DevelopmentTeam = B4QB84STNF;
						LastSwiftMigration = 1020;
						ProvisioningStyle = Automatic;
					};
					EA93FEA21E5EC87500A82381 = {
						CreatedOnToolsVersion = 8.2.1;
						DevelopmentTeam = B4QB84STNF;
						LastSwiftMigration = 1020;
						ProvisioningStyle = Automatic;
					};
					EAA0E18D1E5D9A7400A7AA3A = {
						CreatedOnToolsVersion = 8.2.1;
						DevelopmentTeam = B4QB84STNF;
						LastSwiftMigration = 1020;
						ProvisioningStyle = Automatic;
					};
					EAA0E19A1E5D9B0700A7AA3A = {
						CreatedOnToolsVersion = 8.2.1;
						DevelopmentTeam = B4QB84STNF;
						LastSwiftMigration = 1020;
						ProvisioningStyle = Automatic;
					};
					EAA0E1A71E5D9B6B00A7AA3A = {
						CreatedOnToolsVersion = 8.2.1;
						DevelopmentTeam = B4QB84STNF;
						LastSwiftMigration = 1020;
						ProvisioningStyle = Automatic;
					};
					EAA0E1B41E5D9B8900A7AA3A = {
						CreatedOnToolsVersion = 8.2.1;
						DevelopmentTeam = B4QB84STNF;
						LastSwiftMigration = 1020;
						ProvisioningStyle = Automatic;
					};
				};
			};
			buildConfigurationList = EA06580B1E03EBF000B46CEA /* Build configuration list for PBXProject "SwiftySnippets" */;
			compatibilityVersion = "Xcode 10.0";
			developmentRegion = English;
			hasScannedForEncodings = 0;
			knownRegions = (
				English,
				en,
			);
			mainGroup = EA0658071E03EBF000B46CEA;
			productRefGroup = EA0658121E03EBF000B46CEA /* Products */;
			projectDirPath = "";
			projectRoot = "";
			targets = (
				EAA0E1B41E5D9B8900A7AA3A /* SwiftySnippets_iOS */,
				EAA0E19A1E5D9B0700A7AA3A /* SwiftySnippets_tvOS */,
				EAA0E18D1E5D9A7400A7AA3A /* SwiftySnippets_macOS */,
				EAA0E1A71E5D9B6B00A7AA3A /* SwiftySnippets_watchOS */,
				EA93FE2E1E5EC42A00A82381 /* UnitTests_iOS */,
				EA3B4E2F2163A2D300BC730D /* UnitTests_OSX */,
				EA93FEA21E5EC87500A82381 /* FunctionalTests_iOS */,
				EA3B4E1C2163A16E00BC730D /* FunctionalTests_OSX */,
			);
		};
/* End PBXProject section */

/* Begin PBXResourcesBuildPhase section */
		EA3B4E272163A16E00BC730D /* Resources */ = {
			isa = PBXResourcesBuildPhase;
			buildActionMask = 2147483647;
			files = (
			);
			runOnlyForDeploymentPostprocessing = 0;
		};
		EA3B4E4D2163A2D300BC730D /* Resources */ = {
			isa = PBXResourcesBuildPhase;
			buildActionMask = 2147483647;
			files = (
			);
			runOnlyForDeploymentPostprocessing = 0;
		};
		EA93FE2D1E5EC42A00A82381 /* Resources */ = {
			isa = PBXResourcesBuildPhase;
			buildActionMask = 2147483647;
			files = (
			);
			runOnlyForDeploymentPostprocessing = 0;
		};
		EA93FEA11E5EC87500A82381 /* Resources */ = {
			isa = PBXResourcesBuildPhase;
			buildActionMask = 2147483647;
			files = (
			);
			runOnlyForDeploymentPostprocessing = 0;
		};
		EAA0E18C1E5D9A7400A7AA3A /* Resources */ = {
			isa = PBXResourcesBuildPhase;
			buildActionMask = 2147483647;
			files = (
			);
			runOnlyForDeploymentPostprocessing = 0;
		};
		EAA0E1991E5D9B0700A7AA3A /* Resources */ = {
			isa = PBXResourcesBuildPhase;
			buildActionMask = 2147483647;
			files = (
			);
			runOnlyForDeploymentPostprocessing = 0;
		};
		EAA0E1A61E5D9B6B00A7AA3A /* Resources */ = {
			isa = PBXResourcesBuildPhase;
			buildActionMask = 2147483647;
			files = (
			);
			runOnlyForDeploymentPostprocessing = 0;
		};
		EAA0E1B31E5D9B8900A7AA3A /* Resources */ = {
			isa = PBXResourcesBuildPhase;
			buildActionMask = 2147483647;
			files = (
			);
			runOnlyForDeploymentPostprocessing = 0;
		};
/* End PBXResourcesBuildPhase section */

/* Begin PBXShellScriptBuildPhase section */
		062238DDE85117D4B23EF673 /* [CP] Check Pods Manifest.lock */ = {
			isa = PBXShellScriptBuildPhase;
			buildActionMask = 2147483647;
			files = (
			);
			inputFileListPaths = (
			);
			inputPaths = (
				"${PODS_PODFILE_DIR_PATH}/Podfile.lock",
				"${PODS_ROOT}/Manifest.lock",
			);
			name = "[CP] Check Pods Manifest.lock";
			outputFileListPaths = (
			);
			outputPaths = (
				"$(DERIVED_FILE_DIR)/Pods-SwiftySnippets_macOS-checkManifestLockResult.txt",
			);
			runOnlyForDeploymentPostprocessing = 0;
			shellPath = /bin/sh;
			shellScript = "diff \"${PODS_PODFILE_DIR_PATH}/Podfile.lock\" \"${PODS_ROOT}/Manifest.lock\" > /dev/null\nif [ $? != 0 ] ; then\n    # print error to STDERR\n    echo \"error: The sandbox is not in sync with the Podfile.lock. Run 'pod install' or update your CocoaPods installation.\" >&2\n    exit 1\nfi\n# This output is used by Xcode 'outputs' to avoid re-running this script phase.\necho \"SUCCESS\" > \"${SCRIPT_OUTPUT_FILE_0}\"\n";
			showEnvVarsInLog = 0;
		};
		546534D284CDE0640332870B /* [CP] Check Pods Manifest.lock */ = {
			isa = PBXShellScriptBuildPhase;
			buildActionMask = 2147483647;
			files = (
			);
			inputFileListPaths = (
			);
			inputPaths = (
				"${PODS_PODFILE_DIR_PATH}/Podfile.lock",
				"${PODS_ROOT}/Manifest.lock",
			);
			name = "[CP] Check Pods Manifest.lock";
			outputFileListPaths = (
			);
			outputPaths = (
				"$(DERIVED_FILE_DIR)/Pods-SwiftySnippets_watchOS-checkManifestLockResult.txt",
			);
			runOnlyForDeploymentPostprocessing = 0;
			shellPath = /bin/sh;
			shellScript = "diff \"${PODS_PODFILE_DIR_PATH}/Podfile.lock\" \"${PODS_ROOT}/Manifest.lock\" > /dev/null\nif [ $? != 0 ] ; then\n    # print error to STDERR\n    echo \"error: The sandbox is not in sync with the Podfile.lock. Run 'pod install' or update your CocoaPods installation.\" >&2\n    exit 1\nfi\n# This output is used by Xcode 'outputs' to avoid re-running this script phase.\necho \"SUCCESS\" > \"${SCRIPT_OUTPUT_FILE_0}\"\n";
			showEnvVarsInLog = 0;
		};
		5DFCAE2865C513221A0E1A17 /* [CP] Check Pods Manifest.lock */ = {
			isa = PBXShellScriptBuildPhase;
			buildActionMask = 2147483647;
			files = (
			);
			inputFileListPaths = (
			);
			inputPaths = (
				"${PODS_PODFILE_DIR_PATH}/Podfile.lock",
				"${PODS_ROOT}/Manifest.lock",
			);
			name = "[CP] Check Pods Manifest.lock";
			outputFileListPaths = (
			);
			outputPaths = (
				"$(DERIVED_FILE_DIR)/Pods-FunctionalTests_iOS-checkManifestLockResult.txt",
			);
			runOnlyForDeploymentPostprocessing = 0;
			shellPath = /bin/sh;
			shellScript = "diff \"${PODS_PODFILE_DIR_PATH}/Podfile.lock\" \"${PODS_ROOT}/Manifest.lock\" > /dev/null\nif [ $? != 0 ] ; then\n    # print error to STDERR\n    echo \"error: The sandbox is not in sync with the Podfile.lock. Run 'pod install' or update your CocoaPods installation.\" >&2\n    exit 1\nfi\n# This output is used by Xcode 'outputs' to avoid re-running this script phase.\necho \"SUCCESS\" > \"${SCRIPT_OUTPUT_FILE_0}\"\n";
			showEnvVarsInLog = 0;
		};
		5F22EE09EFDEC7490EBFA434 /* [CP] Check Pods Manifest.lock */ = {
			isa = PBXShellScriptBuildPhase;
			buildActionMask = 2147483647;
			files = (
			);
			inputFileListPaths = (
			);
			inputPaths = (
				"${PODS_PODFILE_DIR_PATH}/Podfile.lock",
				"${PODS_ROOT}/Manifest.lock",
			);
			name = "[CP] Check Pods Manifest.lock";
			outputFileListPaths = (
			);
			outputPaths = (
				"$(DERIVED_FILE_DIR)/Pods-FunctionalTests_OSX-checkManifestLockResult.txt",
			);
			runOnlyForDeploymentPostprocessing = 0;
			shellPath = /bin/sh;
			shellScript = "diff \"${PODS_PODFILE_DIR_PATH}/Podfile.lock\" \"${PODS_ROOT}/Manifest.lock\" > /dev/null\nif [ $? != 0 ] ; then\n    # print error to STDERR\n    echo \"error: The sandbox is not in sync with the Podfile.lock. Run 'pod install' or update your CocoaPods installation.\" >&2\n    exit 1\nfi\n# This output is used by Xcode 'outputs' to avoid re-running this script phase.\necho \"SUCCESS\" > \"${SCRIPT_OUTPUT_FILE_0}\"\n";
			showEnvVarsInLog = 0;
		};
		7509B6DC1E7E83F789A19136 /* [CP] Check Pods Manifest.lock */ = {
			isa = PBXShellScriptBuildPhase;
			buildActionMask = 2147483647;
			files = (
			);
			inputFileListPaths = (
			);
			inputPaths = (
				"${PODS_PODFILE_DIR_PATH}/Podfile.lock",
				"${PODS_ROOT}/Manifest.lock",
			);
			name = "[CP] Check Pods Manifest.lock";
			outputFileListPaths = (
			);
			outputPaths = (
				"$(DERIVED_FILE_DIR)/Pods-UnitTests_iOS-checkManifestLockResult.txt",
			);
			runOnlyForDeploymentPostprocessing = 0;
			shellPath = /bin/sh;
			shellScript = "diff \"${PODS_PODFILE_DIR_PATH}/Podfile.lock\" \"${PODS_ROOT}/Manifest.lock\" > /dev/null\nif [ $? != 0 ] ; then\n    # print error to STDERR\n    echo \"error: The sandbox is not in sync with the Podfile.lock. Run 'pod install' or update your CocoaPods installation.\" >&2\n    exit 1\nfi\n# This output is used by Xcode 'outputs' to avoid re-running this script phase.\necho \"SUCCESS\" > \"${SCRIPT_OUTPUT_FILE_0}\"\n";
			showEnvVarsInLog = 0;
		};
		C23EF3F32ABEC67F27A60543 /* [CP] Check Pods Manifest.lock */ = {
			isa = PBXShellScriptBuildPhase;
			buildActionMask = 2147483647;
			files = (
			);
			inputFileListPaths = (
			);
			inputPaths = (
				"${PODS_PODFILE_DIR_PATH}/Podfile.lock",
				"${PODS_ROOT}/Manifest.lock",
			);
			name = "[CP] Check Pods Manifest.lock";
			outputFileListPaths = (
			);
			outputPaths = (
				"$(DERIVED_FILE_DIR)/Pods-SwiftySnippets_iOS-checkManifestLockResult.txt",
			);
			runOnlyForDeploymentPostprocessing = 0;
			shellPath = /bin/sh;
			shellScript = "diff \"${PODS_PODFILE_DIR_PATH}/Podfile.lock\" \"${PODS_ROOT}/Manifest.lock\" > /dev/null\nif [ $? != 0 ] ; then\n    # print error to STDERR\n    echo \"error: The sandbox is not in sync with the Podfile.lock. Run 'pod install' or update your CocoaPods installation.\" >&2\n    exit 1\nfi\n# This output is used by Xcode 'outputs' to avoid re-running this script phase.\necho \"SUCCESS\" > \"${SCRIPT_OUTPUT_FILE_0}\"\n";
			showEnvVarsInLog = 0;
		};
		C8A2F3DF6727C4F0CAF93960 /* [CP] Check Pods Manifest.lock */ = {
			isa = PBXShellScriptBuildPhase;
			buildActionMask = 2147483647;
			files = (
			);
			inputFileListPaths = (
			);
			inputPaths = (
				"${PODS_PODFILE_DIR_PATH}/Podfile.lock",
				"${PODS_ROOT}/Manifest.lock",
			);
			name = "[CP] Check Pods Manifest.lock";
			outputFileListPaths = (
			);
			outputPaths = (
				"$(DERIVED_FILE_DIR)/Pods-SwiftySnippets_tvOS-checkManifestLockResult.txt",
			);
			runOnlyForDeploymentPostprocessing = 0;
			shellPath = /bin/sh;
			shellScript = "diff \"${PODS_PODFILE_DIR_PATH}/Podfile.lock\" \"${PODS_ROOT}/Manifest.lock\" > /dev/null\nif [ $? != 0 ] ; then\n    # print error to STDERR\n    echo \"error: The sandbox is not in sync with the Podfile.lock. Run 'pod install' or update your CocoaPods installation.\" >&2\n    exit 1\nfi\n# This output is used by Xcode 'outputs' to avoid re-running this script phase.\necho \"SUCCESS\" > \"${SCRIPT_OUTPUT_FILE_0}\"\n";
			showEnvVarsInLog = 0;
		};
		DF9D9443C8EC9D11A37B3629 /* [CP] Check Pods Manifest.lock */ = {
			isa = PBXShellScriptBuildPhase;
			buildActionMask = 2147483647;
			files = (
			);
			inputFileListPaths = (
			);
			inputPaths = (
				"${PODS_PODFILE_DIR_PATH}/Podfile.lock",
				"${PODS_ROOT}/Manifest.lock",
			);
			name = "[CP] Check Pods Manifest.lock";
			outputFileListPaths = (
			);
			outputPaths = (
				"$(DERIVED_FILE_DIR)/Pods-UnitTests_OSX-checkManifestLockResult.txt",
			);
			runOnlyForDeploymentPostprocessing = 0;
			shellPath = /bin/sh;
			shellScript = "diff \"${PODS_PODFILE_DIR_PATH}/Podfile.lock\" \"${PODS_ROOT}/Manifest.lock\" > /dev/null\nif [ $? != 0 ] ; then\n    # print error to STDERR\n    echo \"error: The sandbox is not in sync with the Podfile.lock. Run 'pod install' or update your CocoaPods installation.\" >&2\n    exit 1\nfi\n# This output is used by Xcode 'outputs' to avoid re-running this script phase.\necho \"SUCCESS\" > \"${SCRIPT_OUTPUT_FILE_0}\"\n";
			showEnvVarsInLog = 0;
		};
/* End PBXShellScriptBuildPhase section */

/* Begin PBXSourcesBuildPhase section */
		EA3B4E1F2163A16E00BC730D /* Sources */ = {
			isa = PBXSourcesBuildPhase;
			buildActionMask = 2147483647;
			files = (
			);
			runOnlyForDeploymentPostprocessing = 0;
		};
		EA3B4E322163A2D300BC730D /* Sources */ = {
			isa = PBXSourcesBuildPhase;
			buildActionMask = 2147483647;
			files = (
			);
			runOnlyForDeploymentPostprocessing = 0;
		};
		EA93FE2B1E5EC42A00A82381 /* Sources */ = {
			isa = PBXSourcesBuildPhase;
			buildActionMask = 2147483647;
			files = (
			);
			runOnlyForDeploymentPostprocessing = 0;
		};
		EA93FE9F1E5EC87500A82381 /* Sources */ = {
			isa = PBXSourcesBuildPhase;
			buildActionMask = 2147483647;
			files = (
			);
			runOnlyForDeploymentPostprocessing = 0;
		};
		EAA0E1891E5D9A7400A7AA3A /* Sources */ = {
			isa = PBXSourcesBuildPhase;
			buildActionMask = 2147483647;
			files = (
				EA7A1C3222E1E3D600107864 /* UIViewExtensions.swift in Sources */,
				EA6D8DBB22D5968800A2A1EC /* DispatchQueueExtensions.swift in Sources */,
				EA6D8DBF22D5968800A2A1EC /* DateExtensions.swift in Sources */,
				EA7A1C3422E1E70500107864 /* UITableViewExtensions.swift in Sources */,
				EA6D8DC322D5968800A2A1EC /* NSObjectExtensions.swift in Sources */,
				EA6D8D9F22D5968800A2A1EC /* CGFloatExtensions.swift in Sources */,
				EA6D8DAF22D5968800A2A1EC /* URLExtensions.swift in Sources */,
				EA7A1C3822E1E7BA00107864 /* UINavigationControllerExtensions.swift in Sources */,
				EA7A1C3C22E1E9DC00107864 /* StringExtensions.swift in Sources */,
				EA6D8DA322D5968800A2A1EC /* TimeIntervalExtensions.swift in Sources */,
				EA7A1C3A22E1E7EF00107864 /* UIColorExtensions.swift in Sources */,
				EA7A1C3622E1E79300107864 /* UICollectionViewExtensions.swift in Sources */,
				EA6D8DAB22D5968800A2A1EC /* CodableExtensions.swift in Sources */,
				EA6D8DB322D5968800A2A1EC /* FailableDecodable.swift in Sources */,
				EA6D8DA722D5968800A2A1EC /* FloatingPointExtensions.swift in Sources */,
				EA6D8D9B22D5968800A2A1EC /* ArrayExtensions.swift in Sources */,
			);
			runOnlyForDeploymentPostprocessing = 0;
		};
		EAA0E1961E5D9B0700A7AA3A /* Sources */ = {
			isa = PBXSourcesBuildPhase;
			buildActionMask = 2147483647;
			files = (
				EA6D8DBA22D5968800A2A1EC /* DispatchQueueExtensions.swift in Sources */,
				EA6D8DD222D5968800A2A1EC /* UIViewExtensions.swift in Sources */,
				EA6D8DBE22D5968800A2A1EC /* DateExtensions.swift in Sources */,
				EA6D8DC222D5968800A2A1EC /* NSObjectExtensions.swift in Sources */,
				EA6D8DC622D5968800A2A1EC /* UITableViewExtensions.swift in Sources */,
				EA6D8DB622D5968800A2A1EC /* StringExtensions.swift in Sources */,
				EA6D8D9E22D5968800A2A1EC /* CGFloatExtensions.swift in Sources */,
				EA6D8DAE22D5968800A2A1EC /* URLExtensions.swift in Sources */,
				EA6D8DA222D5968800A2A1EC /* TimeIntervalExtensions.swift in Sources */,
				EA6D8DCA22D5968800A2A1EC /* UICollectionViewExtensions.swift in Sources */,
				EA7A1C2A22E1AB2B00107864 /* UINavigationControllerExtensions.swift in Sources */,
				EA6D8DAA22D5968800A2A1EC /* CodableExtensions.swift in Sources */,
				EA6D8DB222D5968800A2A1EC /* FailableDecodable.swift in Sources */,
				EA6D8DA622D5968800A2A1EC /* FloatingPointExtensions.swift in Sources */,
				EA6D8D9A22D5968800A2A1EC /* ArrayExtensions.swift in Sources */,
				EA7A1C2E22E1AC0200107864 /* UIColorExtensions.swift in Sources */,
			);
			runOnlyForDeploymentPostprocessing = 0;
		};
		EAA0E1A31E5D9B6B00A7AA3A /* Sources */ = {
			isa = PBXSourcesBuildPhase;
			buildActionMask = 2147483647;
			files = (
				EA6D8DBC22D5968800A2A1EC /* DispatchQueueExtensions.swift in Sources */,
				EA6D8DC022D5968800A2A1EC /* DateExtensions.swift in Sources */,
				EA7A1C3B22E1E81F00107864 /* CGFloatExtensions.swift in Sources */,
				EA6D8DC422D5968800A2A1EC /* NSObjectExtensions.swift in Sources */,
				EA7A1C3522E1E70600107864 /* UITableViewExtensions.swift in Sources */,
				EA7A1C2F22E1AC0200107864 /* UIColorExtensions.swift in Sources */,
				EA6D8DB822D5968800A2A1EC /* StringExtensions.swift in Sources */,
				EA6D8DB022D5968800A2A1EC /* URLExtensions.swift in Sources */,
				EA6D8DA422D5968800A2A1EC /* TimeIntervalExtensions.swift in Sources */,
				EA6D8DAC22D5968800A2A1EC /* CodableExtensions.swift in Sources */,
				EA6D8DB422D5968800A2A1EC /* FailableDecodable.swift in Sources */,
				EA7A1C3922E1E7BA00107864 /* UINavigationControllerExtensions.swift in Sources */,
				EA7A1C3722E1E79400107864 /* UICollectionViewExtensions.swift in Sources */,
				EA6D8DA822D5968800A2A1EC /* FloatingPointExtensions.swift in Sources */,
				EA7A1C3322E1E3D600107864 /* UIViewExtensions.swift in Sources */,
				EA6D8D9C22D5968800A2A1EC /* ArrayExtensions.swift in Sources */,
			);
			runOnlyForDeploymentPostprocessing = 0;
		};
		EAA0E1B01E5D9B8900A7AA3A /* Sources */ = {
			isa = PBXSourcesBuildPhase;
			buildActionMask = 2147483647;
			files = (
				EA6D8DB922D5968800A2A1EC /* DispatchQueueExtensions.swift in Sources */,
				EA6D8DD122D5968800A2A1EC /* UIViewExtensions.swift in Sources */,
				EA6D8DBD22D5968800A2A1EC /* DateExtensions.swift in Sources */,
				EA7A1C2922E1AB2B00107864 /* UINavigationControllerExtensions.swift in Sources */,
				EA6D8DC122D5968800A2A1EC /* NSObjectExtensions.swift in Sources */,
				EA6D8DC522D5968800A2A1EC /* UITableViewExtensions.swift in Sources */,
				EA6D8DB522D5968800A2A1EC /* StringExtensions.swift in Sources */,
				EA6D8D9D22D5968800A2A1EC /* CGFloatExtensions.swift in Sources */,
				EA7A1C2D22E1AC0200107864 /* UIColorExtensions.swift in Sources */,
				EA6D8DAD22D5968800A2A1EC /* URLExtensions.swift in Sources */,
				EA6D8DA122D5968800A2A1EC /* TimeIntervalExtensions.swift in Sources */,
				EA6D8DC922D5968800A2A1EC /* UICollectionViewExtensions.swift in Sources */,
				EA6D8DA922D5968800A2A1EC /* CodableExtensions.swift in Sources */,
				EA6D8DB122D5968800A2A1EC /* FailableDecodable.swift in Sources */,
				EA6D8DA522D5968800A2A1EC /* FloatingPointExtensions.swift in Sources */,
				EA6D8D9922D5968800A2A1EC /* ArrayExtensions.swift in Sources */,
			);
			runOnlyForDeploymentPostprocessing = 0;
		};
/* End PBXSourcesBuildPhase section */

/* Begin PBXTargetDependency section */
		EA3B4E1D2163A16E00BC730D /* PBXTargetDependency */ = {
			isa = PBXTargetDependency;
			target = EAA0E1B41E5D9B8900A7AA3A /* SwiftySnippets_iOS */;
			targetProxy = EA3B4E1E2163A16E00BC730D /* PBXContainerItemProxy */;
		};
		EA3B4E302163A2D300BC730D /* PBXTargetDependency */ = {
			isa = PBXTargetDependency;
			target = EAA0E1B41E5D9B8900A7AA3A /* SwiftySnippets_iOS */;
			targetProxy = EA3B4E312163A2D300BC730D /* PBXContainerItemProxy */;
		};
		EA93FE361E5EC42A00A82381 /* PBXTargetDependency */ = {
			isa = PBXTargetDependency;
			target = EAA0E1B41E5D9B8900A7AA3A /* SwiftySnippets_iOS */;
			targetProxy = EA93FE351E5EC42A00A82381 /* PBXContainerItemProxy */;
		};
		EA93FEAA1E5EC87500A82381 /* PBXTargetDependency */ = {
			isa = PBXTargetDependency;
			target = EAA0E1B41E5D9B8900A7AA3A /* SwiftySnippets_iOS */;
			targetProxy = EA93FEA91E5EC87500A82381 /* PBXContainerItemProxy */;
		};
/* End PBXTargetDependency section */

/* Begin XCBuildConfiguration section */
		EA0658231E03EBF000B46CEA /* Debug */ = {
			isa = XCBuildConfiguration;
			buildSettings = {
				ALWAYS_SEARCH_USER_PATHS = NO;
				CLANG_ANALYZER_LOCALIZABILITY_NONLOCALIZED = YES;
				CLANG_ANALYZER_NONNULL = YES;
				CLANG_CXX_LANGUAGE_STANDARD = "gnu++0x";
				CLANG_CXX_LIBRARY = "libc++";
				CLANG_ENABLE_MODULES = YES;
				CLANG_ENABLE_OBJC_ARC = YES;
				CLANG_WARN_BLOCK_CAPTURE_AUTORELEASING = YES;
				CLANG_WARN_BOOL_CONVERSION = YES;
				CLANG_WARN_COMMA = YES;
				CLANG_WARN_CONSTANT_CONVERSION = YES;
				CLANG_WARN_DEPRECATED_OBJC_IMPLEMENTATIONS = YES;
				CLANG_WARN_DIRECT_OBJC_ISA_USAGE = YES_ERROR;
				CLANG_WARN_DOCUMENTATION_COMMENTS = YES;
				CLANG_WARN_EMPTY_BODY = YES;
				CLANG_WARN_ENUM_CONVERSION = YES;
				CLANG_WARN_INFINITE_RECURSION = YES;
				CLANG_WARN_INT_CONVERSION = YES;
				CLANG_WARN_NON_LITERAL_NULL_CONVERSION = YES;
				CLANG_WARN_OBJC_IMPLICIT_RETAIN_SELF = YES;
				CLANG_WARN_OBJC_LITERAL_CONVERSION = YES;
				CLANG_WARN_OBJC_ROOT_CLASS = YES_ERROR;
				CLANG_WARN_RANGE_LOOP_ANALYSIS = YES;
				CLANG_WARN_STRICT_PROTOTYPES = YES;
				CLANG_WARN_SUSPICIOUS_MOVE = YES;
				CLANG_WARN_SUSPICIOUS_MOVES = YES;
				CLANG_WARN_UNREACHABLE_CODE = YES;
				CLANG_WARN__DUPLICATE_METHOD_MATCH = YES;
				"CODE_SIGN_IDENTITY[sdk=iphoneos*]" = "iPhone Developer";
				COPY_PHASE_STRIP = NO;
				CURRENT_PROJECT_VERSION = 1;
				DEBUG_INFORMATION_FORMAT = dwarf;
				ENABLE_STRICT_OBJC_MSGSEND = YES;
				ENABLE_TESTABILITY = YES;
				EXCLUDED_SOURCE_FILE_NAMES = "";
				GCC_C_LANGUAGE_STANDARD = gnu99;
				GCC_DYNAMIC_NO_PIC = NO;
				GCC_NO_COMMON_BLOCKS = YES;
				GCC_OPTIMIZATION_LEVEL = 0;
				GCC_PREPROCESSOR_DEFINITIONS = (
					"DEBUG=1",
					"$(inherited)",
				);
				GCC_WARN_64_TO_32_BIT_CONVERSION = YES;
				GCC_WARN_ABOUT_RETURN_TYPE = YES_ERROR;
				GCC_WARN_UNDECLARED_SELECTOR = YES;
				GCC_WARN_UNINITIALIZED_AUTOS = YES_AGGRESSIVE;
				GCC_WARN_UNUSED_FUNCTION = YES;
				GCC_WARN_UNUSED_VARIABLE = YES;
				IPHONEOS_DEPLOYMENT_TARGET = 9.0;
				MACOSX_DEPLOYMENT_TARGET = 10.10;
				MTL_ENABLE_DEBUG_INFO = YES;
				ONLY_ACTIVE_ARCH = YES;
				SDKROOT = iphoneos;
				SWIFT_ACTIVE_COMPILATION_CONDITIONS = DEBUG;
				SWIFT_OPTIMIZATION_LEVEL = "-Onone";
				TARGETED_DEVICE_FAMILY = "1,2";
				TVOS_DEPLOYMENT_TARGET = 9.0;
				VERSIONING_SYSTEM = "apple-generic";
				VERSION_INFO_PREFIX = "";
				WATCHOS_DEPLOYMENT_TARGET = 3.0;
			};
			name = Debug;
		};
		EA0658241E03EBF000B46CEA /* Release */ = {
			isa = XCBuildConfiguration;
			buildSettings = {
				ALWAYS_SEARCH_USER_PATHS = NO;
				CLANG_ANALYZER_LOCALIZABILITY_NONLOCALIZED = YES;
				CLANG_ANALYZER_NONNULL = YES;
				CLANG_CXX_LANGUAGE_STANDARD = "gnu++0x";
				CLANG_CXX_LIBRARY = "libc++";
				CLANG_ENABLE_MODULES = YES;
				CLANG_ENABLE_OBJC_ARC = YES;
				CLANG_WARN_BLOCK_CAPTURE_AUTORELEASING = YES;
				CLANG_WARN_BOOL_CONVERSION = YES;
				CLANG_WARN_COMMA = YES;
				CLANG_WARN_CONSTANT_CONVERSION = YES;
				CLANG_WARN_DEPRECATED_OBJC_IMPLEMENTATIONS = YES;
				CLANG_WARN_DIRECT_OBJC_ISA_USAGE = YES_ERROR;
				CLANG_WARN_DOCUMENTATION_COMMENTS = YES;
				CLANG_WARN_EMPTY_BODY = YES;
				CLANG_WARN_ENUM_CONVERSION = YES;
				CLANG_WARN_INFINITE_RECURSION = YES;
				CLANG_WARN_INT_CONVERSION = YES;
				CLANG_WARN_NON_LITERAL_NULL_CONVERSION = YES;
				CLANG_WARN_OBJC_IMPLICIT_RETAIN_SELF = YES;
				CLANG_WARN_OBJC_LITERAL_CONVERSION = YES;
				CLANG_WARN_OBJC_ROOT_CLASS = YES_ERROR;
				CLANG_WARN_RANGE_LOOP_ANALYSIS = YES;
				CLANG_WARN_STRICT_PROTOTYPES = YES;
				CLANG_WARN_SUSPICIOUS_MOVE = YES;
				CLANG_WARN_SUSPICIOUS_MOVES = YES;
				CLANG_WARN_UNREACHABLE_CODE = YES;
				CLANG_WARN__DUPLICATE_METHOD_MATCH = YES;
				"CODE_SIGN_IDENTITY[sdk=iphoneos*]" = "iPhone Developer";
				COPY_PHASE_STRIP = NO;
				CURRENT_PROJECT_VERSION = 1;
				DEBUG_INFORMATION_FORMAT = "dwarf-with-dsym";
				ENABLE_NS_ASSERTIONS = NO;
				ENABLE_STRICT_OBJC_MSGSEND = YES;
				EXCLUDED_SOURCE_FILE_NAMES = "";
				GCC_C_LANGUAGE_STANDARD = gnu99;
				GCC_NO_COMMON_BLOCKS = YES;
				GCC_WARN_64_TO_32_BIT_CONVERSION = YES;
				GCC_WARN_ABOUT_RETURN_TYPE = YES_ERROR;
				GCC_WARN_UNDECLARED_SELECTOR = YES;
				GCC_WARN_UNINITIALIZED_AUTOS = YES_AGGRESSIVE;
				GCC_WARN_UNUSED_FUNCTION = YES;
				GCC_WARN_UNUSED_VARIABLE = YES;
				IPHONEOS_DEPLOYMENT_TARGET = 9.0;
				MACOSX_DEPLOYMENT_TARGET = 10.10;
				MTL_ENABLE_DEBUG_INFO = NO;
				SDKROOT = iphoneos;
				SWIFT_COMPILATION_MODE = wholemodule;
				SWIFT_OPTIMIZATION_LEVEL = "-O";
				TARGETED_DEVICE_FAMILY = "1,2";
				TVOS_DEPLOYMENT_TARGET = 9.0;
				VALIDATE_PRODUCT = YES;
				VERSIONING_SYSTEM = "apple-generic";
				VERSION_INFO_PREFIX = "";
				WATCHOS_DEPLOYMENT_TARGET = 3.0;
			};
			name = Release;
		};
		EA3B4E2B2163A16E00BC730D /* Debug */ = {
			isa = XCBuildConfiguration;
			baseConfigurationReference = 3FD749D3E512AAB8E14500D4 /* Pods-FunctionalTests_OSX.debug.xcconfig */;
			buildSettings = {
				ALWAYS_EMBED_SWIFT_STANDARD_LIBRARIES = "$(inherited)";
				DEVELOPMENT_TEAM = B4QB84STNF;
				INFOPLIST_FILE = Tests/Functional/Info.plist;
				IPHONEOS_DEPLOYMENT_TARGET = 10.2;
				LD_RUNPATH_SEARCH_PATHS = (
					"$(inherited)",
					"@executable_path/../Frameworks",
					"@loader_path/../Frameworks",
				);
				PRODUCT_BUNDLE_IDENTIFIER = "marq.FunctionalTests-OSX";
				PRODUCT_NAME = "$(TARGET_NAME)";
				SDKROOT = macosx;
				SUPPORTED_PLATFORMS = macosx;
				SWIFT_VERSION = 5.0;
			};
			name = Debug;
		};
		EA3B4E2C2163A16E00BC730D /* Release */ = {
			isa = XCBuildConfiguration;
			baseConfigurationReference = 268B289254DBC1D6FD89DE1C /* Pods-FunctionalTests_OSX.release.xcconfig */;
			buildSettings = {
				ALWAYS_EMBED_SWIFT_STANDARD_LIBRARIES = "$(inherited)";
				DEVELOPMENT_TEAM = B4QB84STNF;
				INFOPLIST_FILE = Tests/Functional/Info.plist;
				IPHONEOS_DEPLOYMENT_TARGET = 10.2;
				LD_RUNPATH_SEARCH_PATHS = (
					"$(inherited)",
					"@executable_path/../Frameworks",
					"@loader_path/../Frameworks",
				);
				PRODUCT_BUNDLE_IDENTIFIER = "marq.FunctionalTests-OSX";
				PRODUCT_NAME = "$(TARGET_NAME)";
				SDKROOT = macosx;
				SUPPORTED_PLATFORMS = macosx;
				SWIFT_VERSION = 5.0;
			};
			name = Release;
		};
		EA3B4E4F2163A2D300BC730D /* Debug */ = {
			isa = XCBuildConfiguration;
			baseConfigurationReference = 60155F5EDA51C5D38B399B17 /* Pods-UnitTests_OSX.debug.xcconfig */;
			buildSettings = {
				ALWAYS_EMBED_SWIFT_STANDARD_LIBRARIES = "$(inherited)";
				DEVELOPMENT_TEAM = B4QB84STNF;
				INFOPLIST_FILE = Tests/Unit/Info.plist;
				IPHONEOS_DEPLOYMENT_TARGET = 10.2;
				LD_RUNPATH_SEARCH_PATHS = (
					"$(inherited)",
					"@executable_path/../Frameworks",
					"@loader_path/../Frameworks",
				);
				PRODUCT_BUNDLE_IDENTIFIER = "marq.UnitTests-OSX";
				PRODUCT_NAME = "$(TARGET_NAME)";
				SDKROOT = macosx;
				SWIFT_VERSION = 5.0;
			};
			name = Debug;
		};
		EA3B4E502163A2D300BC730D /* Release */ = {
			isa = XCBuildConfiguration;
			baseConfigurationReference = 0D3B69CF7F487EAF3B4D943C /* Pods-UnitTests_OSX.release.xcconfig */;
			buildSettings = {
				ALWAYS_EMBED_SWIFT_STANDARD_LIBRARIES = "$(inherited)";
				DEVELOPMENT_TEAM = B4QB84STNF;
				INFOPLIST_FILE = Tests/Unit/Info.plist;
				IPHONEOS_DEPLOYMENT_TARGET = 10.2;
				LD_RUNPATH_SEARCH_PATHS = (
					"$(inherited)",
					"@executable_path/../Frameworks",
					"@loader_path/../Frameworks",
				);
				PRODUCT_BUNDLE_IDENTIFIER = "marq.UnitTests-OSX";
				PRODUCT_NAME = "$(TARGET_NAME)";
				SDKROOT = macosx;
				SWIFT_VERSION = 5.0;
			};
			name = Release;
		};
		EA93FE381E5EC42A00A82381 /* Debug */ = {
			isa = XCBuildConfiguration;
			baseConfigurationReference = 13271E7B423DBA497BD31269 /* Pods-UnitTests_iOS.debug.xcconfig */;
			buildSettings = {
				ALWAYS_EMBED_SWIFT_STANDARD_LIBRARIES = "$(inherited)";
				DEVELOPMENT_TEAM = B4QB84STNF;
				INFOPLIST_FILE = Tests/Unit/Info.plist;
				IPHONEOS_DEPLOYMENT_TARGET = 10.2;
				LD_RUNPATH_SEARCH_PATHS = (
					"$(inherited)",
					"@executable_path/Frameworks",
					"@loader_path/Frameworks",
				);
				PRODUCT_BUNDLE_IDENTIFIER = "marq.UnitTests-iOS";
				PRODUCT_NAME = "$(TARGET_NAME)";
				SWIFT_VERSION = 5.0;
			};
			name = Debug;
		};
		EA93FE391E5EC42A00A82381 /* Release */ = {
			isa = XCBuildConfiguration;
			baseConfigurationReference = 0B7C802BD3FED072C10ACFDA /* Pods-UnitTests_iOS.release.xcconfig */;
			buildSettings = {
				ALWAYS_EMBED_SWIFT_STANDARD_LIBRARIES = "$(inherited)";
				DEVELOPMENT_TEAM = B4QB84STNF;
				INFOPLIST_FILE = Tests/Unit/Info.plist;
				IPHONEOS_DEPLOYMENT_TARGET = 10.2;
				LD_RUNPATH_SEARCH_PATHS = (
					"$(inherited)",
					"@executable_path/Frameworks",
					"@loader_path/Frameworks",
				);
				PRODUCT_BUNDLE_IDENTIFIER = "marq.UnitTests-iOS";
				PRODUCT_NAME = "$(TARGET_NAME)";
				SWIFT_VERSION = 5.0;
			};
			name = Release;
		};
		EA93FEAC1E5EC87500A82381 /* Debug */ = {
			isa = XCBuildConfiguration;
			baseConfigurationReference = D8BAD7F5B841E8F7FE82318E /* Pods-FunctionalTests_iOS.debug.xcconfig */;
			buildSettings = {
				ALWAYS_EMBED_SWIFT_STANDARD_LIBRARIES = "$(inherited)";
				DEVELOPMENT_TEAM = B4QB84STNF;
				INFOPLIST_FILE = Tests/Functional/Info.plist;
				IPHONEOS_DEPLOYMENT_TARGET = 10.2;
				LD_RUNPATH_SEARCH_PATHS = (
					"$(inherited)",
					"@executable_path/Frameworks",
					"@loader_path/Frameworks",
				);
				PRODUCT_BUNDLE_IDENTIFIER = "marq.FunctionalTests-iOS";
				PRODUCT_NAME = "$(TARGET_NAME)";
				SWIFT_VERSION = 5.0;
			};
			name = Debug;
		};
		EA93FEAD1E5EC87500A82381 /* Release */ = {
			isa = XCBuildConfiguration;
			baseConfigurationReference = 31C57D105CACD6E22CEC2883 /* Pods-FunctionalTests_iOS.release.xcconfig */;
			buildSettings = {
				ALWAYS_EMBED_SWIFT_STANDARD_LIBRARIES = "$(inherited)";
				DEVELOPMENT_TEAM = B4QB84STNF;
				INFOPLIST_FILE = Tests/Functional/Info.plist;
				IPHONEOS_DEPLOYMENT_TARGET = 10.2;
				LD_RUNPATH_SEARCH_PATHS = (
					"$(inherited)",
					"@executable_path/Frameworks",
					"@loader_path/Frameworks",
				);
				PRODUCT_BUNDLE_IDENTIFIER = "marq.FunctionalTests-iOS";
				PRODUCT_NAME = "$(TARGET_NAME)";
				SWIFT_VERSION = 5.0;
			};
			name = Release;
		};
		EAA0E1941E5D9A7400A7AA3A /* Debug */ = {
			isa = XCBuildConfiguration;
			baseConfigurationReference = 9E3385D8C644E950CF89A7B5 /* Pods-SwiftySnippets_macOS.debug.xcconfig */;
			buildSettings = {
				ALWAYS_EMBED_SWIFT_STANDARD_LIBRARIES = "$(inherited)";
				APPLICATION_EXTENSION_API_ONLY = YES;
				CLANG_ENABLE_MODULES = YES;
				CODE_SIGN_IDENTITY = "-";
				COMBINE_HIDPI_IMAGES = YES;
				DEFINES_MODULE = YES;
				DEVELOPMENT_TEAM = B4QB84STNF;
				DYLIB_COMPATIBILITY_VERSION = 1;
				DYLIB_CURRENT_VERSION = 1;
				DYLIB_INSTALL_NAME_BASE = "@rpath";
				FRAMEWORK_VERSION = A;
				INFOPLIST_FILE = "Sources/SupportingFiles/Info-macOS.plist";
				INSTALL_PATH = "$(LOCAL_LIBRARY_DIR)/Frameworks";
				LD_RUNPATH_SEARCH_PATHS = (
					"$(inherited)",
					"@executable_path/../Frameworks",
					"@loader_path/Frameworks",
				);
				MACOSX_DEPLOYMENT_TARGET = 10.10;
				PRODUCT_BUNDLE_IDENTIFIER = "marq.SwiftySnippets-macOS";
				PRODUCT_NAME = SwiftySnippets;
				SDKROOT = macosx;
				SKIP_INSTALL = YES;
				SWIFT_OPTIMIZATION_LEVEL = "-Onone";
				SWIFT_VERSION = 5.0;
			};
			name = Debug;
		};
		EAA0E1951E5D9A7400A7AA3A /* Release */ = {
			isa = XCBuildConfiguration;
			baseConfigurationReference = 6ACE8DC995E8D1554166D1D2 /* Pods-SwiftySnippets_macOS.release.xcconfig */;
			buildSettings = {
				ALWAYS_EMBED_SWIFT_STANDARD_LIBRARIES = "$(inherited)";
				APPLICATION_EXTENSION_API_ONLY = YES;
				CLANG_ENABLE_MODULES = YES;
				CODE_SIGN_IDENTITY = "-";
				COMBINE_HIDPI_IMAGES = YES;
				DEFINES_MODULE = YES;
				DEVELOPMENT_TEAM = B4QB84STNF;
				DYLIB_COMPATIBILITY_VERSION = 1;
				DYLIB_CURRENT_VERSION = 1;
				DYLIB_INSTALL_NAME_BASE = "@rpath";
				FRAMEWORK_VERSION = A;
				INFOPLIST_FILE = "Sources/SupportingFiles/Info-macOS.plist";
				INSTALL_PATH = "$(LOCAL_LIBRARY_DIR)/Frameworks";
				LD_RUNPATH_SEARCH_PATHS = (
					"$(inherited)",
					"@executable_path/../Frameworks",
					"@loader_path/Frameworks",
				);
				MACOSX_DEPLOYMENT_TARGET = 10.10;
				PRODUCT_BUNDLE_IDENTIFIER = "marq.SwiftySnippets-macOS";
				PRODUCT_NAME = SwiftySnippets;
				SDKROOT = macosx;
				SKIP_INSTALL = YES;
				SWIFT_VERSION = 5.0;
			};
			name = Release;
		};
		EAA0E1A11E5D9B0700A7AA3A /* Debug */ = {
			isa = XCBuildConfiguration;
			baseConfigurationReference = 3B99862B04101E7AE28E2195 /* Pods-SwiftySnippets_tvOS.debug.xcconfig */;
			buildSettings = {
				ALWAYS_EMBED_SWIFT_STANDARD_LIBRARIES = "$(inherited)";
				APPLICATION_EXTENSION_API_ONLY = YES;
				CLANG_ENABLE_MODULES = YES;
				CODE_SIGN_IDENTITY = "";
				DEFINES_MODULE = YES;
				DEVELOPMENT_TEAM = B4QB84STNF;
				DYLIB_COMPATIBILITY_VERSION = 1;
				DYLIB_CURRENT_VERSION = 1;
				DYLIB_INSTALL_NAME_BASE = "@rpath";
				EXCLUDED_SOURCE_FILE_NAMES = "";
				INFOPLIST_FILE = "Sources/SupportingFiles/Info-tvOS.plist";
				INSTALL_PATH = "$(LOCAL_LIBRARY_DIR)/Frameworks";
				LD_RUNPATH_SEARCH_PATHS = (
					"$(inherited)",
					"@executable_path/Frameworks",
					"@loader_path/Frameworks",
				);
				PRODUCT_BUNDLE_IDENTIFIER = "marq.SwiftySnippets-tvOS";
				PRODUCT_NAME = SwiftySnippets;
				SDKROOT = appletvos;
				SKIP_INSTALL = YES;
				SWIFT_OPTIMIZATION_LEVEL = "-Onone";
				SWIFT_VERSION = 5.0;
				TARGETED_DEVICE_FAMILY = 3;
				TVOS_DEPLOYMENT_TARGET = 9.0;
			};
			name = Debug;
		};
		EAA0E1A21E5D9B0700A7AA3A /* Release */ = {
			isa = XCBuildConfiguration;
			baseConfigurationReference = 9834B5677B7EBCCDDD3ABD39 /* Pods-SwiftySnippets_tvOS.release.xcconfig */;
			buildSettings = {
				ALWAYS_EMBED_SWIFT_STANDARD_LIBRARIES = "$(inherited)";
				APPLICATION_EXTENSION_API_ONLY = YES;
				CLANG_ENABLE_MODULES = YES;
				CODE_SIGN_IDENTITY = "";
				DEFINES_MODULE = YES;
				DEVELOPMENT_TEAM = B4QB84STNF;
				DYLIB_COMPATIBILITY_VERSION = 1;
				DYLIB_CURRENT_VERSION = 1;
				DYLIB_INSTALL_NAME_BASE = "@rpath";
				EXCLUDED_SOURCE_FILE_NAMES = "";
				INFOPLIST_FILE = "Sources/SupportingFiles/Info-tvOS.plist";
				INSTALL_PATH = "$(LOCAL_LIBRARY_DIR)/Frameworks";
				LD_RUNPATH_SEARCH_PATHS = (
					"$(inherited)",
					"@executable_path/Frameworks",
					"@loader_path/Frameworks",
				);
				PRODUCT_BUNDLE_IDENTIFIER = "marq.SwiftySnippets-tvOS";
				PRODUCT_NAME = SwiftySnippets;
				SDKROOT = appletvos;
				SKIP_INSTALL = YES;
				SWIFT_VERSION = 5.0;
				TARGETED_DEVICE_FAMILY = 3;
				TVOS_DEPLOYMENT_TARGET = 9.0;
			};
			name = Release;
		};
		EAA0E1AE1E5D9B6B00A7AA3A /* Debug */ = {
			isa = XCBuildConfiguration;
			baseConfigurationReference = 98EC2765F2F4637408530814 /* Pods-SwiftySnippets_watchOS.debug.xcconfig */;
			buildSettings = {
				ALWAYS_EMBED_SWIFT_STANDARD_LIBRARIES = "$(inherited)";
				APPLICATION_EXTENSION_API_ONLY = YES;
				CLANG_ENABLE_MODULES = YES;
				CODE_SIGN_IDENTITY = "";
				DEFINES_MODULE = YES;
				DEVELOPMENT_TEAM = B4QB84STNF;
				DYLIB_COMPATIBILITY_VERSION = 1;
				DYLIB_CURRENT_VERSION = 1;
				DYLIB_INSTALL_NAME_BASE = "@rpath";
				INFOPLIST_FILE = "Sources/SupportingFiles/Info-watchOS.plist";
				INSTALL_PATH = "$(LOCAL_LIBRARY_DIR)/Frameworks";
				LD_RUNPATH_SEARCH_PATHS = (
					"$(inherited)",
					"@executable_path/Frameworks",
					"@loader_path/Frameworks",
				);
				PRODUCT_BUNDLE_IDENTIFIER = "marq.SwiftySnippets-watchOS";
				PRODUCT_NAME = SwiftySnippets;
				SDKROOT = watchos;
				SKIP_INSTALL = YES;
				SWIFT_OPTIMIZATION_LEVEL = "-Onone";
				SWIFT_VERSION = 5.0;
				TARGETED_DEVICE_FAMILY = 4;
				WATCHOS_DEPLOYMENT_TARGET = 3.0;
			};
			name = Debug;
		};
		EAA0E1AF1E5D9B6B00A7AA3A /* Release */ = {
			isa = XCBuildConfiguration;
			baseConfigurationReference = 86DE6F92D9EE0C403467636E /* Pods-SwiftySnippets_watchOS.release.xcconfig */;
			buildSettings = {
				ALWAYS_EMBED_SWIFT_STANDARD_LIBRARIES = "$(inherited)";
				APPLICATION_EXTENSION_API_ONLY = YES;
				CLANG_ENABLE_MODULES = YES;
				CODE_SIGN_IDENTITY = "";
				DEFINES_MODULE = YES;
				DEVELOPMENT_TEAM = B4QB84STNF;
				DYLIB_COMPATIBILITY_VERSION = 1;
				DYLIB_CURRENT_VERSION = 1;
				DYLIB_INSTALL_NAME_BASE = "@rpath";
				INFOPLIST_FILE = "Sources/SupportingFiles/Info-watchOS.plist";
				INSTALL_PATH = "$(LOCAL_LIBRARY_DIR)/Frameworks";
				LD_RUNPATH_SEARCH_PATHS = (
					"$(inherited)",
					"@executable_path/Frameworks",
					"@loader_path/Frameworks",
				);
				PRODUCT_BUNDLE_IDENTIFIER = "marq.SwiftySnippets-watchOS";
				PRODUCT_NAME = SwiftySnippets;
				SDKROOT = watchos;
				SKIP_INSTALL = YES;
				SWIFT_VERSION = 5.0;
				TARGETED_DEVICE_FAMILY = 4;
				WATCHOS_DEPLOYMENT_TARGET = 3.0;
			};
			name = Release;
		};
		EAA0E1BB1E5D9B8900A7AA3A /* Debug */ = {
			isa = XCBuildConfiguration;
			baseConfigurationReference = 87D57D0C56038094F5A9F082 /* Pods-SwiftySnippets_iOS.debug.xcconfig */;
			buildSettings = {
				ALWAYS_EMBED_SWIFT_STANDARD_LIBRARIES = "$(inherited)";
				APPLICATION_EXTENSION_API_ONLY = YES;
				CLANG_ENABLE_MODULES = YES;
				CODE_SIGN_IDENTITY = "";
				DEFINES_MODULE = YES;
				DEVELOPMENT_TEAM = B4QB84STNF;
				DYLIB_COMPATIBILITY_VERSION = 1;
				DYLIB_CURRENT_VERSION = 1;
				DYLIB_INSTALL_NAME_BASE = "@rpath";
				INFOPLIST_FILE = "Sources/SupportingFiles/Info-iOS.plist";
				INSTALL_PATH = "$(LOCAL_LIBRARY_DIR)/Frameworks";
				IPHONEOS_DEPLOYMENT_TARGET = 9.0;
				LD_RUNPATH_SEARCH_PATHS = (
					"$(inherited)",
					"@executable_path/Frameworks",
					"@loader_path/Frameworks",
				);
				PRODUCT_BUNDLE_IDENTIFIER = "marq.SwiftySnippets-iOS";
				PRODUCT_NAME = SwiftySnippets;
				SKIP_INSTALL = YES;
				SWIFT_OPTIMIZATION_LEVEL = "-Onone";
				SWIFT_VERSION = 5.0;
			};
			name = Debug;
		};
		EAA0E1BC1E5D9B8900A7AA3A /* Release */ = {
			isa = XCBuildConfiguration;
			baseConfigurationReference = 96A177A32C2A54417CAF8CCF /* Pods-SwiftySnippets_iOS.release.xcconfig */;
			buildSettings = {
				ALWAYS_EMBED_SWIFT_STANDARD_LIBRARIES = "$(inherited)";
				APPLICATION_EXTENSION_API_ONLY = YES;
				CLANG_ENABLE_MODULES = YES;
				CODE_SIGN_IDENTITY = "";
				DEFINES_MODULE = YES;
				DEVELOPMENT_TEAM = B4QB84STNF;
				DYLIB_COMPATIBILITY_VERSION = 1;
				DYLIB_CURRENT_VERSION = 1;
				DYLIB_INSTALL_NAME_BASE = "@rpath";
				INFOPLIST_FILE = "Sources/SupportingFiles/Info-iOS.plist";
				INSTALL_PATH = "$(LOCAL_LIBRARY_DIR)/Frameworks";
				IPHONEOS_DEPLOYMENT_TARGET = 9.0;
				LD_RUNPATH_SEARCH_PATHS = (
					"$(inherited)",
					"@executable_path/Frameworks",
					"@loader_path/Frameworks",
				);
				ONLY_ACTIVE_ARCH = YES;
				PRODUCT_BUNDLE_IDENTIFIER = "marq.SwiftySnippets-iOS";
				PRODUCT_NAME = SwiftySnippets;
				SKIP_INSTALL = YES;
				SWIFT_VERSION = 5.0;
			};
			name = Release;
		};
/* End XCBuildConfiguration section */

/* Begin XCConfigurationList section */
		EA06580B1E03EBF000B46CEA /* Build configuration list for PBXProject "SwiftySnippets" */ = {
			isa = XCConfigurationList;
			buildConfigurations = (
				EA0658231E03EBF000B46CEA /* Debug */,
				EA0658241E03EBF000B46CEA /* Release */,
			);
			defaultConfigurationIsVisible = 0;
			defaultConfigurationName = Debug;
		};
		EA3B4E2A2163A16E00BC730D /* Build configuration list for PBXNativeTarget "FunctionalTests_OSX" */ = {
			isa = XCConfigurationList;
			buildConfigurations = (
				EA3B4E2B2163A16E00BC730D /* Debug */,
				EA3B4E2C2163A16E00BC730D /* Release */,
			);
			defaultConfigurationIsVisible = 0;
			defaultConfigurationName = Debug;
		};
		EA3B4E4E2163A2D300BC730D /* Build configuration list for PBXNativeTarget "UnitTests_OSX" */ = {
			isa = XCConfigurationList;
			buildConfigurations = (
				EA3B4E4F2163A2D300BC730D /* Debug */,
				EA3B4E502163A2D300BC730D /* Release */,
			);
			defaultConfigurationIsVisible = 0;
			defaultConfigurationName = Debug;
		};
		EA93FE371E5EC42A00A82381 /* Build configuration list for PBXNativeTarget "UnitTests_iOS" */ = {
			isa = XCConfigurationList;
			buildConfigurations = (
				EA93FE381E5EC42A00A82381 /* Debug */,
				EA93FE391E5EC42A00A82381 /* Release */,
			);
			defaultConfigurationIsVisible = 0;
			defaultConfigurationName = Debug;
		};
		EA93FEAB1E5EC87500A82381 /* Build configuration list for PBXNativeTarget "FunctionalTests_iOS" */ = {
			isa = XCConfigurationList;
			buildConfigurations = (
				EA93FEAC1E5EC87500A82381 /* Debug */,
				EA93FEAD1E5EC87500A82381 /* Release */,
			);
			defaultConfigurationIsVisible = 0;
			defaultConfigurationName = Debug;
		};
		EAA0E1931E5D9A7400A7AA3A /* Build configuration list for PBXNativeTarget "SwiftySnippets_macOS" */ = {
			isa = XCConfigurationList;
			buildConfigurations = (
				EAA0E1941E5D9A7400A7AA3A /* Debug */,
				EAA0E1951E5D9A7400A7AA3A /* Release */,
			);
			defaultConfigurationIsVisible = 0;
			defaultConfigurationName = Debug;
		};
		EAA0E1A01E5D9B0700A7AA3A /* Build configuration list for PBXNativeTarget "SwiftySnippets_tvOS" */ = {
			isa = XCConfigurationList;
			buildConfigurations = (
				EAA0E1A11E5D9B0700A7AA3A /* Debug */,
				EAA0E1A21E5D9B0700A7AA3A /* Release */,
			);
			defaultConfigurationIsVisible = 0;
			defaultConfigurationName = Debug;
		};
		EAA0E1AD1E5D9B6B00A7AA3A /* Build configuration list for PBXNativeTarget "SwiftySnippets_watchOS" */ = {
			isa = XCConfigurationList;
			buildConfigurations = (
				EAA0E1AE1E5D9B6B00A7AA3A /* Debug */,
				EAA0E1AF1E5D9B6B00A7AA3A /* Release */,
			);
			defaultConfigurationIsVisible = 0;
			defaultConfigurationName = Debug;
		};
		EAA0E1BA1E5D9B8900A7AA3A /* Build configuration list for PBXNativeTarget "SwiftySnippets_iOS" */ = {
			isa = XCConfigurationList;
			buildConfigurations = (
				EAA0E1BB1E5D9B8900A7AA3A /* Debug */,
				EAA0E1BC1E5D9B8900A7AA3A /* Release */,
			);
			defaultConfigurationIsVisible = 0;
			defaultConfigurationName = Debug;
		};
/* End XCConfigurationList section */
	};
	rootObject = EA0658081E03EBF000B46CEA /* Project object */;
}
